
Microsoft Visual Studio Solution File, Format Version 12.00
# Visual Studio Version 16
VisualStudioVersion = 16.0.31624.102
MinimumVisualStudioVersion = 10.0.40219.1
Project("{FAE04EC0-301F-11D3-BF4B-00C04F79EFBC}") = "ejercicio 4.4.3.2", "ejercicio 4.4.3.2.csproj", "{ECCD01B9-0BAD-4DA6-A5E5-F9249F69C79C}"
EndProject
Global
	GlobalSection(SolutionConfigurationPlatforms) = preSolution
		Debug|Any CPU = Debug|Any CPU
		Release|Any CPU = Release|Any CPU
	EndGlobalSection
	GlobalSection(ProjectConfigurationPlatforms) = postSolution
		{ECCD01B9-0BAD-4DA6-A5E5-F9249F69C79C}.Debug|Any CPU.ActiveCfg = Debug|Any CPU
		{ECCD01B9-0BAD-4DA6-A5E5-F9249F69C79C}.Debug|Any CPU.Build.0 = Debug|Any CPU
		{ECCD01B9-0BAD-4DA6-A5E5-F9249F69C79C}.Release|Any CPU.ActiveCfg = Release|Any CPU
		{ECCD01B9-0BAD-4DA6-A5E5-F9249F69C79C}.Release|Any CPU.Build.0 = Release|Any CPU
	EndGlobalSection
	GlobalSection(SolutionProperties) = preSolution
		HideSolutionNode = FALSE
	EndGlobalSection
	GlobalSection(ExtensibilityGlobals) = postSolution
		SolutionGuid = {FE0E731A-0864-48F0-83FD-F522EB026CF6}
	EndGlobalSection
EndGlobal
