
Microsoft Visual Studio Solution File, Format Version 12.00
# Visual Studio Version 16
VisualStudioVersion = 16.0.31624.102
MinimumVisualStudioVersion = 10.0.40219.1
Project("{FAE04EC0-301F-11D3-BF4B-00C04F79EFBC}") = "ejercicio 5.5.5", "ejercicio 5.5.5.csproj", "{C06FAB7E-2C67-4508-9CF4-C1CC61D5A681}"
EndProject
Global
	GlobalSection(SolutionConfigurationPlatforms) = preSolution
		Debug|Any CPU = Debug|Any CPU
		Release|Any CPU = Release|Any CPU
	EndGlobalSection
	GlobalSection(ProjectConfigurationPlatforms) = postSolution
		{C06FAB7E-2C67-4508-9CF4-C1CC61D5A681}.Debug|Any CPU.ActiveCfg = Debug|Any CPU
		{C06FAB7E-2C67-4508-9CF4-C1CC61D5A681}.Debug|Any CPU.Build.0 = Debug|Any CPU
		{C06FAB7E-2C67-4508-9CF4-C1CC61D5A681}.Release|Any CPU.ActiveCfg = Release|Any CPU
		{C06FAB7E-2C67-4508-9CF4-C1CC61D5A681}.Release|Any CPU.Build.0 = Release|Any CPU
	EndGlobalSection
	GlobalSection(SolutionProperties) = preSolution
		HideSolutionNode = FALSE
	EndGlobalSection
	GlobalSection(ExtensibilityGlobals) = postSolution
		SolutionGuid = {B6B1515D-D040-437C-8889-97E9050B67A5}
	EndGlobalSection
EndGlobal
