
Microsoft Visual Studio Solution File, Format Version 12.00
# Visual Studio Version 16
VisualStudioVersion = 16.0.31624.102
MinimumVisualStudioVersion = 10.0.40219.1
Project("{FAE04EC0-301F-11D3-BF4B-00C04F79EFBC}") = "ejercicio 3.2.5.2", "ejercicio 3.2.5.2.csproj", "{493A4768-3CC2-4DF0-8C7C-B5454D9568DC}"
EndProject
Global
	GlobalSection(SolutionConfigurationPlatforms) = preSolution
		Debug|Any CPU = Debug|Any CPU
		Release|Any CPU = Release|Any CPU
	EndGlobalSection
	GlobalSection(ProjectConfigurationPlatforms) = postSolution
		{493A4768-3CC2-4DF0-8C7C-B5454D9568DC}.Debug|Any CPU.ActiveCfg = Debug|Any CPU
		{493A4768-3CC2-4DF0-8C7C-B5454D9568DC}.Debug|Any CPU.Build.0 = Debug|Any CPU
		{493A4768-3CC2-4DF0-8C7C-B5454D9568DC}.Release|Any CPU.ActiveCfg = Release|Any CPU
		{493A4768-3CC2-4DF0-8C7C-B5454D9568DC}.Release|Any CPU.Build.0 = Release|Any CPU
	EndGlobalSection
	GlobalSection(SolutionProperties) = preSolution
		HideSolutionNode = FALSE
	EndGlobalSection
	GlobalSection(ExtensibilityGlobals) = postSolution
		SolutionGuid = {BB2E16C6-A20B-4ABA-920E-586DFE7DBFE5}
	EndGlobalSection
EndGlobal
