
Microsoft Visual Studio Solution File, Format Version 12.00
# Visual Studio Version 16
VisualStudioVersion = 16.0.31624.102
MinimumVisualStudioVersion = 10.0.40219.1
Project("{FAE04EC0-301F-11D3-BF4B-00C04F79EFBC}") = "ejercicio 2.1.8.2", "ejercicio 2.1.8.2.csproj", "{1E103971-2D57-4AC8-B815-DA9133BE7CC3}"
EndProject
Global
	GlobalSection(SolutionConfigurationPlatforms) = preSolution
		Debug|Any CPU = Debug|Any CPU
		Release|Any CPU = Release|Any CPU
	EndGlobalSection
	GlobalSection(ProjectConfigurationPlatforms) = postSolution
		{1E103971-2D57-4AC8-B815-DA9133BE7CC3}.Debug|Any CPU.ActiveCfg = Debug|Any CPU
		{1E103971-2D57-4AC8-B815-DA9133BE7CC3}.Debug|Any CPU.Build.0 = Debug|Any CPU
		{1E103971-2D57-4AC8-B815-DA9133BE7CC3}.Release|Any CPU.ActiveCfg = Release|Any CPU
		{1E103971-2D57-4AC8-B815-DA9133BE7CC3}.Release|Any CPU.Build.0 = Release|Any CPU
	EndGlobalSection
	GlobalSection(SolutionProperties) = preSolution
		HideSolutionNode = FALSE
	EndGlobalSection
	GlobalSection(ExtensibilityGlobals) = postSolution
		SolutionGuid = {0252FE25-E1E0-4472-83E6-41E33CE25C56}
	EndGlobalSection
EndGlobal
