
Microsoft Visual Studio Solution File, Format Version 12.00
# Visual Studio Version 16
VisualStudioVersion = 16.0.31624.102
MinimumVisualStudioVersion = 10.0.40219.1
Project("{FAE04EC0-301F-11D3-BF4B-00C04F79EFBC}") = "ejercicio 2.2.3.1", "ejercicio 2.2.3.1.csproj", "{ACF41ADC-627D-4761-A248-00BE3A00E652}"
EndProject
Global
	GlobalSection(SolutionConfigurationPlatforms) = preSolution
		Debug|Any CPU = Debug|Any CPU
		Release|Any CPU = Release|Any CPU
	EndGlobalSection
	GlobalSection(ProjectConfigurationPlatforms) = postSolution
		{ACF41ADC-627D-4761-A248-00BE3A00E652}.Debug|Any CPU.ActiveCfg = Debug|Any CPU
		{ACF41ADC-627D-4761-A248-00BE3A00E652}.Debug|Any CPU.Build.0 = Debug|Any CPU
		{ACF41ADC-627D-4761-A248-00BE3A00E652}.Release|Any CPU.ActiveCfg = Release|Any CPU
		{ACF41ADC-627D-4761-A248-00BE3A00E652}.Release|Any CPU.Build.0 = Release|Any CPU
	EndGlobalSection
	GlobalSection(SolutionProperties) = preSolution
		HideSolutionNode = FALSE
	EndGlobalSection
	GlobalSection(ExtensibilityGlobals) = postSolution
		SolutionGuid = {91F95AB0-D37A-4DFA-A204-5BBED0DDCC1D}
	EndGlobalSection
EndGlobal
