
Microsoft Visual Studio Solution File, Format Version 12.00
# Visual Studio Version 16
VisualStudioVersion = 16.0.31624.102
MinimumVisualStudioVersion = 10.0.40219.1
Project("{FAE04EC0-301F-11D3-BF4B-00C04F79EFBC}") = "ejercicio 1.9.2", "ejercicio 1.9.2.csproj", "{22001310-935A-4735-A10F-ABDC87C75435}"
EndProject
Global
	GlobalSection(SolutionConfigurationPlatforms) = preSolution
		Debug|Any CPU = Debug|Any CPU
		Release|Any CPU = Release|Any CPU
	EndGlobalSection
	GlobalSection(ProjectConfigurationPlatforms) = postSolution
		{22001310-935A-4735-A10F-ABDC87C75435}.Debug|Any CPU.ActiveCfg = Debug|Any CPU
		{22001310-935A-4735-A10F-ABDC87C75435}.Debug|Any CPU.Build.0 = Debug|Any CPU
		{22001310-935A-4735-A10F-ABDC87C75435}.Release|Any CPU.ActiveCfg = Release|Any CPU
		{22001310-935A-4735-A10F-ABDC87C75435}.Release|Any CPU.Build.0 = Release|Any CPU
	EndGlobalSection
	GlobalSection(SolutionProperties) = preSolution
		HideSolutionNode = FALSE
	EndGlobalSection
	GlobalSection(ExtensibilityGlobals) = postSolution
		SolutionGuid = {DCF22C4B-753B-4859-99B0-385CF26F7CC1}
	EndGlobalSection
EndGlobal
