
Microsoft Visual Studio Solution File, Format Version 12.00
# Visual Studio Version 16
VisualStudioVersion = 16.0.31624.102
MinimumVisualStudioVersion = 10.0.40219.1
Project("{FAE04EC0-301F-11D3-BF4B-00C04F79EFBC}") = "ejercicio 2.1.9.4", "ejercicio 2.1.9.4.csproj", "{98781534-B499-4B38-AF93-8EE0C15AEBE7}"
EndProject
Global
	GlobalSection(SolutionConfigurationPlatforms) = preSolution
		Debug|Any CPU = Debug|Any CPU
		Release|Any CPU = Release|Any CPU
	EndGlobalSection
	GlobalSection(ProjectConfigurationPlatforms) = postSolution
		{98781534-B499-4B38-AF93-8EE0C15AEBE7}.Debug|Any CPU.ActiveCfg = Debug|Any CPU
		{98781534-B499-4B38-AF93-8EE0C15AEBE7}.Debug|Any CPU.Build.0 = Debug|Any CPU
		{98781534-B499-4B38-AF93-8EE0C15AEBE7}.Release|Any CPU.ActiveCfg = Release|Any CPU
		{98781534-B499-4B38-AF93-8EE0C15AEBE7}.Release|Any CPU.Build.0 = Release|Any CPU
	EndGlobalSection
	GlobalSection(SolutionProperties) = preSolution
		HideSolutionNode = FALSE
	EndGlobalSection
	GlobalSection(ExtensibilityGlobals) = postSolution
		SolutionGuid = {7C046415-12F5-4C8E-AFE7-4CA226E05B0B}
	EndGlobalSection
EndGlobal
