
Microsoft Visual Studio Solution File, Format Version 12.00
# Visual Studio Version 16
VisualStudioVersion = 16.0.31624.102
MinimumVisualStudioVersion = 10.0.40219.1
Project("{FAE04EC0-301F-11D3-BF4B-00C04F79EFBC}") = "ejercicio 5.5.1", "ejercicio 5.5.1.csproj", "{AEF2C09A-F861-47E3-8248-75E53EB6A22A}"
EndProject
Global
	GlobalSection(SolutionConfigurationPlatforms) = preSolution
		Debug|Any CPU = Debug|Any CPU
		Release|Any CPU = Release|Any CPU
	EndGlobalSection
	GlobalSection(ProjectConfigurationPlatforms) = postSolution
		{AEF2C09A-F861-47E3-8248-75E53EB6A22A}.Debug|Any CPU.ActiveCfg = Debug|Any CPU
		{AEF2C09A-F861-47E3-8248-75E53EB6A22A}.Debug|Any CPU.Build.0 = Debug|Any CPU
		{AEF2C09A-F861-47E3-8248-75E53EB6A22A}.Release|Any CPU.ActiveCfg = Release|Any CPU
		{AEF2C09A-F861-47E3-8248-75E53EB6A22A}.Release|Any CPU.Build.0 = Release|Any CPU
	EndGlobalSection
	GlobalSection(SolutionProperties) = preSolution
		HideSolutionNode = FALSE
	EndGlobalSection
	GlobalSection(ExtensibilityGlobals) = postSolution
		SolutionGuid = {1C506690-A936-414E-BBF7-87AC8B163632}
	EndGlobalSection
EndGlobal
