
Microsoft Visual Studio Solution File, Format Version 12.00
# Visual Studio Version 16
VisualStudioVersion = 16.0.30907.101
MinimumVisualStudioVersion = 10.0.40219.1
Project("{FAE04EC0-301F-11D3-BF4B-00C04F79EFBC}") = "ejercicio 8.4.1", "ejercicio 8.4.1.csproj", "{AC0A908C-26D0-45F7-B7D4-A2A986996816}"
EndProject
Global
	GlobalSection(SolutionConfigurationPlatforms) = preSolution
		Debug|Any CPU = Debug|Any CPU
		Release|Any CPU = Release|Any CPU
	EndGlobalSection
	GlobalSection(ProjectConfigurationPlatforms) = postSolution
		{AC0A908C-26D0-45F7-B7D4-A2A986996816}.Debug|Any CPU.ActiveCfg = Debug|Any CPU
		{AC0A908C-26D0-45F7-B7D4-A2A986996816}.Debug|Any CPU.Build.0 = Debug|Any CPU
		{AC0A908C-26D0-45F7-B7D4-A2A986996816}.Release|Any CPU.ActiveCfg = Release|Any CPU
		{AC0A908C-26D0-45F7-B7D4-A2A986996816}.Release|Any CPU.Build.0 = Release|Any CPU
	EndGlobalSection
	GlobalSection(SolutionProperties) = preSolution
		HideSolutionNode = FALSE
	EndGlobalSection
	GlobalSection(ExtensibilityGlobals) = postSolution
		SolutionGuid = {73619C12-72BF-46D2-806E-C090C5AB849B}
	EndGlobalSection
EndGlobal
