
Microsoft Visual Studio Solution File, Format Version 12.00
# Visual Studio Version 16
VisualStudioVersion = 16.0.31624.102
MinimumVisualStudioVersion = 10.0.40219.1
Project("{FAE04EC0-301F-11D3-BF4B-00C04F79EFBC}") = "ejercicio 5.10.4", "ejercicio 5.10.4.csproj", "{1084C364-7300-4754-BFC6-981BA891DF6F}"
EndProject
Global
	GlobalSection(SolutionConfigurationPlatforms) = preSolution
		Debug|Any CPU = Debug|Any CPU
		Release|Any CPU = Release|Any CPU
	EndGlobalSection
	GlobalSection(ProjectConfigurationPlatforms) = postSolution
		{1084C364-7300-4754-BFC6-981BA891DF6F}.Debug|Any CPU.ActiveCfg = Debug|Any CPU
		{1084C364-7300-4754-BFC6-981BA891DF6F}.Debug|Any CPU.Build.0 = Debug|Any CPU
		{1084C364-7300-4754-BFC6-981BA891DF6F}.Release|Any CPU.ActiveCfg = Release|Any CPU
		{1084C364-7300-4754-BFC6-981BA891DF6F}.Release|Any CPU.Build.0 = Release|Any CPU
	EndGlobalSection
	GlobalSection(SolutionProperties) = preSolution
		HideSolutionNode = FALSE
	EndGlobalSection
	GlobalSection(ExtensibilityGlobals) = postSolution
		SolutionGuid = {B9404658-3EA7-4FA7-8D81-1FC09974FDBB}
	EndGlobalSection
EndGlobal
