
Microsoft Visual Studio Solution File, Format Version 12.00
# Visual Studio Version 16
VisualStudioVersion = 16.0.31624.102
MinimumVisualStudioVersion = 10.0.40219.1
Project("{FAE04EC0-301F-11D3-BF4B-00C04F79EFBC}") = "ejercicio 2.1.93", "ejercicio 2.1.93.csproj", "{A52A9167-07AB-4FAA-9FDC-C69F9270BCF1}"
EndProject
Global
	GlobalSection(SolutionConfigurationPlatforms) = preSolution
		Debug|Any CPU = Debug|Any CPU
		Release|Any CPU = Release|Any CPU
	EndGlobalSection
	GlobalSection(ProjectConfigurationPlatforms) = postSolution
		{A52A9167-07AB-4FAA-9FDC-C69F9270BCF1}.Debug|Any CPU.ActiveCfg = Debug|Any CPU
		{A52A9167-07AB-4FAA-9FDC-C69F9270BCF1}.Debug|Any CPU.Build.0 = Debug|Any CPU
		{A52A9167-07AB-4FAA-9FDC-C69F9270BCF1}.Release|Any CPU.ActiveCfg = Release|Any CPU
		{A52A9167-07AB-4FAA-9FDC-C69F9270BCF1}.Release|Any CPU.Build.0 = Release|Any CPU
	EndGlobalSection
	GlobalSection(SolutionProperties) = preSolution
		HideSolutionNode = FALSE
	EndGlobalSection
	GlobalSection(ExtensibilityGlobals) = postSolution
		SolutionGuid = {E4ABCE5C-8435-4295-AD6B-89B47FEBB07F}
	EndGlobalSection
EndGlobal
