
Microsoft Visual Studio Solution File, Format Version 12.00
# Visual Studio Version 16
VisualStudioVersion = 16.0.31624.102
MinimumVisualStudioVersion = 10.0.40219.1
Project("{FAE04EC0-301F-11D3-BF4B-00C04F79EFBC}") = "ejercicio 2.2.3.4", "ejercicio 2.2.3.4.csproj", "{F2C3A270-C8E2-4BD5-B1EF-D39E4A9E9D13}"
EndProject
Global
	GlobalSection(SolutionConfigurationPlatforms) = preSolution
		Debug|Any CPU = Debug|Any CPU
		Release|Any CPU = Release|Any CPU
	EndGlobalSection
	GlobalSection(ProjectConfigurationPlatforms) = postSolution
		{F2C3A270-C8E2-4BD5-B1EF-D39E4A9E9D13}.Debug|Any CPU.ActiveCfg = Debug|Any CPU
		{F2C3A270-C8E2-4BD5-B1EF-D39E4A9E9D13}.Debug|Any CPU.Build.0 = Debug|Any CPU
		{F2C3A270-C8E2-4BD5-B1EF-D39E4A9E9D13}.Release|Any CPU.ActiveCfg = Release|Any CPU
		{F2C3A270-C8E2-4BD5-B1EF-D39E4A9E9D13}.Release|Any CPU.Build.0 = Release|Any CPU
	EndGlobalSection
	GlobalSection(SolutionProperties) = preSolution
		HideSolutionNode = FALSE
	EndGlobalSection
	GlobalSection(ExtensibilityGlobals) = postSolution
		SolutionGuid = {62918BF1-B7D2-4393-AE0F-742EA3D9A06E}
	EndGlobalSection
EndGlobal
