
Microsoft Visual Studio Solution File, Format Version 12.00
# Visual Studio Version 16
VisualStudioVersion = 16.0.31624.102
MinimumVisualStudioVersion = 10.0.40219.1
Project("{FAE04EC0-301F-11D3-BF4B-00C04F79EFBC}") = "ejercicio 2.1.5.1", "ejercicio 2.1.5.1.csproj", "{3953C526-A3C7-43A2-BB08-F9C7DCA57871}"
EndProject
Global
	GlobalSection(SolutionConfigurationPlatforms) = preSolution
		Debug|Any CPU = Debug|Any CPU
		Release|Any CPU = Release|Any CPU
	EndGlobalSection
	GlobalSection(ProjectConfigurationPlatforms) = postSolution
		{3953C526-A3C7-43A2-BB08-F9C7DCA57871}.Debug|Any CPU.ActiveCfg = Debug|Any CPU
		{3953C526-A3C7-43A2-BB08-F9C7DCA57871}.Debug|Any CPU.Build.0 = Debug|Any CPU
		{3953C526-A3C7-43A2-BB08-F9C7DCA57871}.Release|Any CPU.ActiveCfg = Release|Any CPU
		{3953C526-A3C7-43A2-BB08-F9C7DCA57871}.Release|Any CPU.Build.0 = Release|Any CPU
	EndGlobalSection
	GlobalSection(SolutionProperties) = preSolution
		HideSolutionNode = FALSE
	EndGlobalSection
	GlobalSection(ExtensibilityGlobals) = postSolution
		SolutionGuid = {9316FDD8-C9E0-43EF-AD00-B8D93298773E}
	EndGlobalSection
EndGlobal
