
Microsoft Visual Studio Solution File, Format Version 12.00
# Visual Studio Version 16
VisualStudioVersion = 16.0.31624.102
MinimumVisualStudioVersion = 10.0.40219.1
Project("{FAE04EC0-301F-11D3-BF4B-00C04F79EFBC}") = "2.1.5.7", "2.1.5.7.csproj", "{622EDA17-E89F-48BE-ADDF-350D587B88F7}"
EndProject
Global
	GlobalSection(SolutionConfigurationPlatforms) = preSolution
		Debug|Any CPU = Debug|Any CPU
		Release|Any CPU = Release|Any CPU
	EndGlobalSection
	GlobalSection(ProjectConfigurationPlatforms) = postSolution
		{622EDA17-E89F-48BE-ADDF-350D587B88F7}.Debug|Any CPU.ActiveCfg = Debug|Any CPU
		{622EDA17-E89F-48BE-ADDF-350D587B88F7}.Debug|Any CPU.Build.0 = Debug|Any CPU
		{622EDA17-E89F-48BE-ADDF-350D587B88F7}.Release|Any CPU.ActiveCfg = Release|Any CPU
		{622EDA17-E89F-48BE-ADDF-350D587B88F7}.Release|Any CPU.Build.0 = Release|Any CPU
	EndGlobalSection
	GlobalSection(SolutionProperties) = preSolution
		HideSolutionNode = FALSE
	EndGlobalSection
	GlobalSection(ExtensibilityGlobals) = postSolution
		SolutionGuid = {56C765F2-E07C-4297-B9ED-72C919126992}
	EndGlobalSection
EndGlobal
