
Microsoft Visual Studio Solution File, Format Version 12.00
# Visual Studio Version 16
VisualStudioVersion = 16.0.30907.101
MinimumVisualStudioVersion = 10.0.40219.1
Project("{FAE04EC0-301F-11D3-BF4B-00C04F79EFBC}") = "ejercicio 8.3.1", "ejercicio 8.3.1.csproj", "{BB92DC1C-229E-4A18-B9E8-4241AE3EDE76}"
EndProject
Global
	GlobalSection(SolutionConfigurationPlatforms) = preSolution
		Debug|Any CPU = Debug|Any CPU
		Release|Any CPU = Release|Any CPU
	EndGlobalSection
	GlobalSection(ProjectConfigurationPlatforms) = postSolution
		{BB92DC1C-229E-4A18-B9E8-4241AE3EDE76}.Debug|Any CPU.ActiveCfg = Debug|Any CPU
		{BB92DC1C-229E-4A18-B9E8-4241AE3EDE76}.Debug|Any CPU.Build.0 = Debug|Any CPU
		{BB92DC1C-229E-4A18-B9E8-4241AE3EDE76}.Release|Any CPU.ActiveCfg = Release|Any CPU
		{BB92DC1C-229E-4A18-B9E8-4241AE3EDE76}.Release|Any CPU.Build.0 = Release|Any CPU
	EndGlobalSection
	GlobalSection(SolutionProperties) = preSolution
		HideSolutionNode = FALSE
	EndGlobalSection
	GlobalSection(ExtensibilityGlobals) = postSolution
		SolutionGuid = {78FEEB73-72B5-4657-A9C9-BDDD8F966B86}
	EndGlobalSection
EndGlobal
