
Microsoft Visual Studio Solution File, Format Version 12.00
# Visual Studio Version 16
VisualStudioVersion = 16.0.31624.102
MinimumVisualStudioVersion = 10.0.40219.1
Project("{FAE04EC0-301F-11D3-BF4B-00C04F79EFBC}") = "ejercicio 2.1.6.1", "ejercicio 2.1.6.1.csproj", "{60488DDD-F04E-43DF-A048-08F7C2FA2B77}"
EndProject
Global
	GlobalSection(SolutionConfigurationPlatforms) = preSolution
		Debug|Any CPU = Debug|Any CPU
		Release|Any CPU = Release|Any CPU
	EndGlobalSection
	GlobalSection(ProjectConfigurationPlatforms) = postSolution
		{60488DDD-F04E-43DF-A048-08F7C2FA2B77}.Debug|Any CPU.ActiveCfg = Debug|Any CPU
		{60488DDD-F04E-43DF-A048-08F7C2FA2B77}.Debug|Any CPU.Build.0 = Debug|Any CPU
		{60488DDD-F04E-43DF-A048-08F7C2FA2B77}.Release|Any CPU.ActiveCfg = Release|Any CPU
		{60488DDD-F04E-43DF-A048-08F7C2FA2B77}.Release|Any CPU.Build.0 = Release|Any CPU
	EndGlobalSection
	GlobalSection(SolutionProperties) = preSolution
		HideSolutionNode = FALSE
	EndGlobalSection
	GlobalSection(ExtensibilityGlobals) = postSolution
		SolutionGuid = {B7E0E312-DC6A-40DA-8098-B5F5ECF6A301}
	EndGlobalSection
EndGlobal
