
Microsoft Visual Studio Solution File, Format Version 12.00
# Visual Studio Version 16
VisualStudioVersion = 16.0.31624.102
MinimumVisualStudioVersion = 10.0.40219.1
Project("{FAE04EC0-301F-11D3-BF4B-00C04F79EFBC}") = "ejercicio 2.2.10.2", "ejercicio 2.2.10.2.csproj", "{AD68073C-6489-4635-9F52-B567983B23B7}"
EndProject
Global
	GlobalSection(SolutionConfigurationPlatforms) = preSolution
		Debug|Any CPU = Debug|Any CPU
		Release|Any CPU = Release|Any CPU
	EndGlobalSection
	GlobalSection(ProjectConfigurationPlatforms) = postSolution
		{AD68073C-6489-4635-9F52-B567983B23B7}.Debug|Any CPU.ActiveCfg = Debug|Any CPU
		{AD68073C-6489-4635-9F52-B567983B23B7}.Debug|Any CPU.Build.0 = Debug|Any CPU
		{AD68073C-6489-4635-9F52-B567983B23B7}.Release|Any CPU.ActiveCfg = Release|Any CPU
		{AD68073C-6489-4635-9F52-B567983B23B7}.Release|Any CPU.Build.0 = Release|Any CPU
	EndGlobalSection
	GlobalSection(SolutionProperties) = preSolution
		HideSolutionNode = FALSE
	EndGlobalSection
	GlobalSection(ExtensibilityGlobals) = postSolution
		SolutionGuid = {0D27500C-F91A-40FB-82C1-12082BFB794C}
	EndGlobalSection
EndGlobal
