
Microsoft Visual Studio Solution File, Format Version 12.00
# Visual Studio Version 16
VisualStudioVersion = 16.0.31624.102
MinimumVisualStudioVersion = 10.0.40219.1
Project("{FAE04EC0-301F-11D3-BF4B-00C04F79EFBC}") = "ejercicio 3.2.3.2", "ejercicio 3.2.3.2.csproj", "{FE5CD362-640F-4819-914F-687B81E65B8A}"
EndProject
Global
	GlobalSection(SolutionConfigurationPlatforms) = preSolution
		Debug|Any CPU = Debug|Any CPU
		Release|Any CPU = Release|Any CPU
	EndGlobalSection
	GlobalSection(ProjectConfigurationPlatforms) = postSolution
		{FE5CD362-640F-4819-914F-687B81E65B8A}.Debug|Any CPU.ActiveCfg = Debug|Any CPU
		{FE5CD362-640F-4819-914F-687B81E65B8A}.Debug|Any CPU.Build.0 = Debug|Any CPU
		{FE5CD362-640F-4819-914F-687B81E65B8A}.Release|Any CPU.ActiveCfg = Release|Any CPU
		{FE5CD362-640F-4819-914F-687B81E65B8A}.Release|Any CPU.Build.0 = Release|Any CPU
	EndGlobalSection
	GlobalSection(SolutionProperties) = preSolution
		HideSolutionNode = FALSE
	EndGlobalSection
	GlobalSection(ExtensibilityGlobals) = postSolution
		SolutionGuid = {033DB346-AE96-4C3F-9521-E7EC1A2BB216}
	EndGlobalSection
EndGlobal
