
Microsoft Visual Studio Solution File, Format Version 12.00
# Visual Studio Version 16
VisualStudioVersion = 16.0.31624.102
MinimumVisualStudioVersion = 10.0.40219.1
Project("{FAE04EC0-301F-11D3-BF4B-00C04F79EFBC}") = "ejercicio 2.2.1.1.3", "ejercicio 2.2.1.1.3.csproj", "{3CFBBC1D-B565-4311-AD8C-E21F61BA7926}"
EndProject
Global
	GlobalSection(SolutionConfigurationPlatforms) = preSolution
		Debug|Any CPU = Debug|Any CPU
		Release|Any CPU = Release|Any CPU
	EndGlobalSection
	GlobalSection(ProjectConfigurationPlatforms) = postSolution
		{3CFBBC1D-B565-4311-AD8C-E21F61BA7926}.Debug|Any CPU.ActiveCfg = Debug|Any CPU
		{3CFBBC1D-B565-4311-AD8C-E21F61BA7926}.Debug|Any CPU.Build.0 = Debug|Any CPU
		{3CFBBC1D-B565-4311-AD8C-E21F61BA7926}.Release|Any CPU.ActiveCfg = Release|Any CPU
		{3CFBBC1D-B565-4311-AD8C-E21F61BA7926}.Release|Any CPU.Build.0 = Release|Any CPU
	EndGlobalSection
	GlobalSection(SolutionProperties) = preSolution
		HideSolutionNode = FALSE
	EndGlobalSection
	GlobalSection(ExtensibilityGlobals) = postSolution
		SolutionGuid = {EF5B3A7D-F026-4B56-B188-646EF492D193}
	EndGlobalSection
EndGlobal
