
Microsoft Visual Studio Solution File, Format Version 12.00
# Visual Studio Version 16
VisualStudioVersion = 16.0.31624.102
MinimumVisualStudioVersion = 10.0.40219.1
Project("{FAE04EC0-301F-11D3-BF4B-00C04F79EFBC}") = "ejercicio 7.2.5", "ejercicio 7.2.5.csproj", "{7CD52539-EAE5-4CBC-AC9C-EDA7E11B2E38}"
EndProject
Global
	GlobalSection(SolutionConfigurationPlatforms) = preSolution
		Debug|Any CPU = Debug|Any CPU
		Release|Any CPU = Release|Any CPU
	EndGlobalSection
	GlobalSection(ProjectConfigurationPlatforms) = postSolution
		{7CD52539-EAE5-4CBC-AC9C-EDA7E11B2E38}.Debug|Any CPU.ActiveCfg = Debug|Any CPU
		{7CD52539-EAE5-4CBC-AC9C-EDA7E11B2E38}.Debug|Any CPU.Build.0 = Debug|Any CPU
		{7CD52539-EAE5-4CBC-AC9C-EDA7E11B2E38}.Release|Any CPU.ActiveCfg = Release|Any CPU
		{7CD52539-EAE5-4CBC-AC9C-EDA7E11B2E38}.Release|Any CPU.Build.0 = Release|Any CPU
	EndGlobalSection
	GlobalSection(SolutionProperties) = preSolution
		HideSolutionNode = FALSE
	EndGlobalSection
	GlobalSection(ExtensibilityGlobals) = postSolution
		SolutionGuid = {C1AB7B88-94A8-4561-B70F-DBBA511FE508}
	EndGlobalSection
EndGlobal
