
Microsoft Visual Studio Solution File, Format Version 12.00
# Visual Studio Version 16
VisualStudioVersion = 16.0.31624.102
MinimumVisualStudioVersion = 10.0.40219.1
Project("{FAE04EC0-301F-11D3-BF4B-00C04F79EFBC}") = "ejercicio 2.1.5.8", "ejercicio 2.1.5.8.csproj", "{97764CB8-5548-47C5-8163-4B8277D0CE82}"
EndProject
Global
	GlobalSection(SolutionConfigurationPlatforms) = preSolution
		Debug|Any CPU = Debug|Any CPU
		Release|Any CPU = Release|Any CPU
	EndGlobalSection
	GlobalSection(ProjectConfigurationPlatforms) = postSolution
		{97764CB8-5548-47C5-8163-4B8277D0CE82}.Debug|Any CPU.ActiveCfg = Debug|Any CPU
		{97764CB8-5548-47C5-8163-4B8277D0CE82}.Debug|Any CPU.Build.0 = Debug|Any CPU
		{97764CB8-5548-47C5-8163-4B8277D0CE82}.Release|Any CPU.ActiveCfg = Release|Any CPU
		{97764CB8-5548-47C5-8163-4B8277D0CE82}.Release|Any CPU.Build.0 = Release|Any CPU
	EndGlobalSection
	GlobalSection(SolutionProperties) = preSolution
		HideSolutionNode = FALSE
	EndGlobalSection
	GlobalSection(ExtensibilityGlobals) = postSolution
		SolutionGuid = {07ABAF14-93DC-4031-A1D7-66A0FA528AB5}
	EndGlobalSection
EndGlobal
