
Microsoft Visual Studio Solution File, Format Version 12.00
# Visual Studio Version 16
VisualStudioVersion = 16.0.31624.102
MinimumVisualStudioVersion = 10.0.40219.1
Project("{FAE04EC0-301F-11D3-BF4B-00C04F79EFBC}") = "ejercicio 2.1.1.1", "ejercicio 2.1.1.1.csproj", "{574C7A9A-286F-4070-82C2-6790F65BD778}"
EndProject
Global
	GlobalSection(SolutionConfigurationPlatforms) = preSolution
		Debug|Any CPU = Debug|Any CPU
		Release|Any CPU = Release|Any CPU
	EndGlobalSection
	GlobalSection(ProjectConfigurationPlatforms) = postSolution
		{574C7A9A-286F-4070-82C2-6790F65BD778}.Debug|Any CPU.ActiveCfg = Debug|Any CPU
		{574C7A9A-286F-4070-82C2-6790F65BD778}.Debug|Any CPU.Build.0 = Debug|Any CPU
		{574C7A9A-286F-4070-82C2-6790F65BD778}.Release|Any CPU.ActiveCfg = Release|Any CPU
		{574C7A9A-286F-4070-82C2-6790F65BD778}.Release|Any CPU.Build.0 = Release|Any CPU
	EndGlobalSection
	GlobalSection(SolutionProperties) = preSolution
		HideSolutionNode = FALSE
	EndGlobalSection
	GlobalSection(ExtensibilityGlobals) = postSolution
		SolutionGuid = {E691CF7E-6FC8-42EC-B9E4-AAB9D447D858}
	EndGlobalSection
EndGlobal
