
Microsoft Visual Studio Solution File, Format Version 12.00
# Visual Studio Version 16
VisualStudioVersion = 16.0.31624.102
MinimumVisualStudioVersion = 10.0.40219.1
Project("{FAE04EC0-301F-11D3-BF4B-00C04F79EFBC}") = "ejercicio 2.2.12.1", "ejercicio 2.2.12.1.csproj", "{8FC13F60-9C71-46A8-B333-E493B8DB3453}"
EndProject
Global
	GlobalSection(SolutionConfigurationPlatforms) = preSolution
		Debug|Any CPU = Debug|Any CPU
		Release|Any CPU = Release|Any CPU
	EndGlobalSection
	GlobalSection(ProjectConfigurationPlatforms) = postSolution
		{8FC13F60-9C71-46A8-B333-E493B8DB3453}.Debug|Any CPU.ActiveCfg = Debug|Any CPU
		{8FC13F60-9C71-46A8-B333-E493B8DB3453}.Debug|Any CPU.Build.0 = Debug|Any CPU
		{8FC13F60-9C71-46A8-B333-E493B8DB3453}.Release|Any CPU.ActiveCfg = Release|Any CPU
		{8FC13F60-9C71-46A8-B333-E493B8DB3453}.Release|Any CPU.Build.0 = Release|Any CPU
	EndGlobalSection
	GlobalSection(SolutionProperties) = preSolution
		HideSolutionNode = FALSE
	EndGlobalSection
	GlobalSection(ExtensibilityGlobals) = postSolution
		SolutionGuid = {0A22AA9E-3E6C-4DC2-AF56-BCAD62AEAA19}
	EndGlobalSection
EndGlobal
