
Microsoft Visual Studio Solution File, Format Version 12.00
# Visual Studio Version 16
VisualStudioVersion = 16.0.31624.102
MinimumVisualStudioVersion = 10.0.40219.1
Project("{FAE04EC0-301F-11D3-BF4B-00C04F79EFBC}") = "ejercicio 5.4.6", "ejercicio 5.4.6.csproj", "{718EC301-7E40-414B-9F2A-61516577DA98}"
EndProject
Global
	GlobalSection(SolutionConfigurationPlatforms) = preSolution
		Debug|Any CPU = Debug|Any CPU
		Release|Any CPU = Release|Any CPU
	EndGlobalSection
	GlobalSection(ProjectConfigurationPlatforms) = postSolution
		{718EC301-7E40-414B-9F2A-61516577DA98}.Debug|Any CPU.ActiveCfg = Debug|Any CPU
		{718EC301-7E40-414B-9F2A-61516577DA98}.Debug|Any CPU.Build.0 = Debug|Any CPU
		{718EC301-7E40-414B-9F2A-61516577DA98}.Release|Any CPU.ActiveCfg = Release|Any CPU
		{718EC301-7E40-414B-9F2A-61516577DA98}.Release|Any CPU.Build.0 = Release|Any CPU
	EndGlobalSection
	GlobalSection(SolutionProperties) = preSolution
		HideSolutionNode = FALSE
	EndGlobalSection
	GlobalSection(ExtensibilityGlobals) = postSolution
		SolutionGuid = {2896BD2C-F2D1-4F7A-B32D-FE679BC3C278}
	EndGlobalSection
EndGlobal
