
Microsoft Visual Studio Solution File, Format Version 12.00
# Visual Studio Version 16
VisualStudioVersion = 16.0.31624.102
MinimumVisualStudioVersion = 10.0.40219.1
Project("{FAE04EC0-301F-11D3-BF4B-00C04F79EFBC}") = "calculadorax", "calculadorax.csproj", "{CBD98473-5676-422F-9A5A-181C08741506}"
EndProject
Global
	GlobalSection(SolutionConfigurationPlatforms) = preSolution
		Debug|Any CPU = Debug|Any CPU
		Release|Any CPU = Release|Any CPU
	EndGlobalSection
	GlobalSection(ProjectConfigurationPlatforms) = postSolution
		{CBD98473-5676-422F-9A5A-181C08741506}.Debug|Any CPU.ActiveCfg = Debug|Any CPU
		{CBD98473-5676-422F-9A5A-181C08741506}.Debug|Any CPU.Build.0 = Debug|Any CPU
		{CBD98473-5676-422F-9A5A-181C08741506}.Release|Any CPU.ActiveCfg = Release|Any CPU
		{CBD98473-5676-422F-9A5A-181C08741506}.Release|Any CPU.Build.0 = Release|Any CPU
	EndGlobalSection
	GlobalSection(SolutionProperties) = preSolution
		HideSolutionNode = FALSE
	EndGlobalSection
	GlobalSection(ExtensibilityGlobals) = postSolution
		SolutionGuid = {D49A999D-0AEF-41AE-AA9A-34B2A7268D2B}
	EndGlobalSection
EndGlobal
