
Microsoft Visual Studio Solution File, Format Version 12.00
# Visual Studio Version 16
VisualStudioVersion = 16.0.31624.102
MinimumVisualStudioVersion = 10.0.40219.1
Project("{FAE04EC0-301F-11D3-BF4B-00C04F79EFBC}") = "ejercicio 5.5.3", "ejercicio 5.5.3.csproj", "{FA9ACED8-5183-4FC4-B826-8CC8F8B94F32}"
EndProject
Global
	GlobalSection(SolutionConfigurationPlatforms) = preSolution
		Debug|Any CPU = Debug|Any CPU
		Release|Any CPU = Release|Any CPU
	EndGlobalSection
	GlobalSection(ProjectConfigurationPlatforms) = postSolution
		{FA9ACED8-5183-4FC4-B826-8CC8F8B94F32}.Debug|Any CPU.ActiveCfg = Debug|Any CPU
		{FA9ACED8-5183-4FC4-B826-8CC8F8B94F32}.Debug|Any CPU.Build.0 = Debug|Any CPU
		{FA9ACED8-5183-4FC4-B826-8CC8F8B94F32}.Release|Any CPU.ActiveCfg = Release|Any CPU
		{FA9ACED8-5183-4FC4-B826-8CC8F8B94F32}.Release|Any CPU.Build.0 = Release|Any CPU
	EndGlobalSection
	GlobalSection(SolutionProperties) = preSolution
		HideSolutionNode = FALSE
	EndGlobalSection
	GlobalSection(ExtensibilityGlobals) = postSolution
		SolutionGuid = {AE2709D2-F613-4067-B940-CE1380731E60}
	EndGlobalSection
EndGlobal
