
Microsoft Visual Studio Solution File, Format Version 12.00
# Visual Studio Version 16
VisualStudioVersion = 16.0.31624.102
MinimumVisualStudioVersion = 10.0.40219.1
Project("{FAE04EC0-301F-11D3-BF4B-00C04F79EFBC}") = "Calculadora WPF", "Calculadora WPF.csproj", "{2C7DD386-A3A3-4243-93F4-DAB35CB37DA0}"
EndProject
Global
	GlobalSection(SolutionConfigurationPlatforms) = preSolution
		Debug|Any CPU = Debug|Any CPU
		Release|Any CPU = Release|Any CPU
	EndGlobalSection
	GlobalSection(ProjectConfigurationPlatforms) = postSolution
		{2C7DD386-A3A3-4243-93F4-DAB35CB37DA0}.Debug|Any CPU.ActiveCfg = Debug|Any CPU
		{2C7DD386-A3A3-4243-93F4-DAB35CB37DA0}.Debug|Any CPU.Build.0 = Debug|Any CPU
		{2C7DD386-A3A3-4243-93F4-DAB35CB37DA0}.Release|Any CPU.ActiveCfg = Release|Any CPU
		{2C7DD386-A3A3-4243-93F4-DAB35CB37DA0}.Release|Any CPU.Build.0 = Release|Any CPU
	EndGlobalSection
	GlobalSection(SolutionProperties) = preSolution
		HideSolutionNode = FALSE
	EndGlobalSection
	GlobalSection(ExtensibilityGlobals) = postSolution
		SolutionGuid = {EBDEC830-0743-49EF-AEE4-C0BD372DB412}
	EndGlobalSection
EndGlobal
