
Microsoft Visual Studio Solution File, Format Version 12.00
# Visual Studio Version 16
VisualStudioVersion = 16.0.31624.102
MinimumVisualStudioVersion = 10.0.40219.1
Project("{FAE04EC0-301F-11D3-BF4B-00C04F79EFBC}") = "Ejercicio 2.7.1", "Ejercicio 2.7.1.csproj", "{EC59A112-6243-4DF3-BB24-F866BE46EA17}"
EndProject
Global
	GlobalSection(SolutionConfigurationPlatforms) = preSolution
		Debug|Any CPU = Debug|Any CPU
		Release|Any CPU = Release|Any CPU
	EndGlobalSection
	GlobalSection(ProjectConfigurationPlatforms) = postSolution
		{EC59A112-6243-4DF3-BB24-F866BE46EA17}.Debug|Any CPU.ActiveCfg = Debug|Any CPU
		{EC59A112-6243-4DF3-BB24-F866BE46EA17}.Debug|Any CPU.Build.0 = Debug|Any CPU
		{EC59A112-6243-4DF3-BB24-F866BE46EA17}.Release|Any CPU.ActiveCfg = Release|Any CPU
		{EC59A112-6243-4DF3-BB24-F866BE46EA17}.Release|Any CPU.Build.0 = Release|Any CPU
	EndGlobalSection
	GlobalSection(SolutionProperties) = preSolution
		HideSolutionNode = FALSE
	EndGlobalSection
	GlobalSection(ExtensibilityGlobals) = postSolution
		SolutionGuid = {028014D4-EC47-4892-887A-44F29FA9EEF3}
	EndGlobalSection
EndGlobal
