
Microsoft Visual Studio Solution File, Format Version 12.00
# Visual Studio Version 16
VisualStudioVersion = 16.0.31624.102
MinimumVisualStudioVersion = 10.0.40219.1
Project("{FAE04EC0-301F-11D3-BF4B-00C04F79EFBC}") = "ejercicio 4.1.3.2", "ejercicio 4.1.3.2.csproj", "{B3915EB8-9324-4739-83AB-1B13413E46D1}"
EndProject
Global
	GlobalSection(SolutionConfigurationPlatforms) = preSolution
		Debug|Any CPU = Debug|Any CPU
		Release|Any CPU = Release|Any CPU
	EndGlobalSection
	GlobalSection(ProjectConfigurationPlatforms) = postSolution
		{B3915EB8-9324-4739-83AB-1B13413E46D1}.Debug|Any CPU.ActiveCfg = Debug|Any CPU
		{B3915EB8-9324-4739-83AB-1B13413E46D1}.Debug|Any CPU.Build.0 = Debug|Any CPU
		{B3915EB8-9324-4739-83AB-1B13413E46D1}.Release|Any CPU.ActiveCfg = Release|Any CPU
		{B3915EB8-9324-4739-83AB-1B13413E46D1}.Release|Any CPU.Build.0 = Release|Any CPU
	EndGlobalSection
	GlobalSection(SolutionProperties) = preSolution
		HideSolutionNode = FALSE
	EndGlobalSection
	GlobalSection(ExtensibilityGlobals) = postSolution
		SolutionGuid = {CA2D2684-D938-4242-B279-88B593E25F1A}
	EndGlobalSection
EndGlobal
