
Microsoft Visual Studio Solution File, Format Version 12.00
# Visual Studio Version 16
VisualStudioVersion = 16.0.30907.101
MinimumVisualStudioVersion = 10.0.40219.1
Project("{FAE04EC0-301F-11D3-BF4B-00C04F79EFBC}") = "ejercicio 8.2.1", "ejercicio 8.2.1.csproj", "{0BF715A8-3F30-41BC-9613-AE117C6141FC}"
EndProject
Global
	GlobalSection(SolutionConfigurationPlatforms) = preSolution
		Debug|Any CPU = Debug|Any CPU
		Release|Any CPU = Release|Any CPU
	EndGlobalSection
	GlobalSection(ProjectConfigurationPlatforms) = postSolution
		{0BF715A8-3F30-41BC-9613-AE117C6141FC}.Debug|Any CPU.ActiveCfg = Debug|Any CPU
		{0BF715A8-3F30-41BC-9613-AE117C6141FC}.Debug|Any CPU.Build.0 = Debug|Any CPU
		{0BF715A8-3F30-41BC-9613-AE117C6141FC}.Release|Any CPU.ActiveCfg = Release|Any CPU
		{0BF715A8-3F30-41BC-9613-AE117C6141FC}.Release|Any CPU.Build.0 = Release|Any CPU
	EndGlobalSection
	GlobalSection(SolutionProperties) = preSolution
		HideSolutionNode = FALSE
	EndGlobalSection
	GlobalSection(ExtensibilityGlobals) = postSolution
		SolutionGuid = {636BE6C2-F0CF-4F11-9460-36883187EFFD}
	EndGlobalSection
EndGlobal
