
Microsoft Visual Studio Solution File, Format Version 12.00
# Visual Studio Version 16
VisualStudioVersion = 16.0.31624.102
MinimumVisualStudioVersion = 10.0.40219.1
Project("{FAE04EC0-301F-11D3-BF4B-00C04F79EFBC}") = "ejercicio 1.8.1", "ejercicio 1.8.1.csproj", "{D9EF5BC3-FC79-460D-A143-1483E69DD973}"
EndProject
Global
	GlobalSection(SolutionConfigurationPlatforms) = preSolution
		Debug|Any CPU = Debug|Any CPU
		Release|Any CPU = Release|Any CPU
	EndGlobalSection
	GlobalSection(ProjectConfigurationPlatforms) = postSolution
		{D9EF5BC3-FC79-460D-A143-1483E69DD973}.Debug|Any CPU.ActiveCfg = Debug|Any CPU
		{D9EF5BC3-FC79-460D-A143-1483E69DD973}.Debug|Any CPU.Build.0 = Debug|Any CPU
		{D9EF5BC3-FC79-460D-A143-1483E69DD973}.Release|Any CPU.ActiveCfg = Release|Any CPU
		{D9EF5BC3-FC79-460D-A143-1483E69DD973}.Release|Any CPU.Build.0 = Release|Any CPU
	EndGlobalSection
	GlobalSection(SolutionProperties) = preSolution
		HideSolutionNode = FALSE
	EndGlobalSection
	GlobalSection(ExtensibilityGlobals) = postSolution
		SolutionGuid = {FC79CBF4-525B-4F53-8BBD-DA71056DFC64}
	EndGlobalSection
EndGlobal
