
Microsoft Visual Studio Solution File, Format Version 12.00
# Visual Studio Version 16
VisualStudioVersion = 16.0.30611.23
MinimumVisualStudioVersion = 10.0.40219.1
Project("{FAE04EC0-301F-11D3-BF4B-00C04F79EFBC}") = "Ejercicio6_2_2", "Ejercicio6_2_2.csproj", "{687E19D2-1CAC-4D16-9386-C517E9E42B25}"
EndProject
Global
	GlobalSection(SolutionConfigurationPlatforms) = preSolution
		Debug|Any CPU = Debug|Any CPU
		Release|Any CPU = Release|Any CPU
	EndGlobalSection
	GlobalSection(ProjectConfigurationPlatforms) = postSolution
		{687E19D2-1CAC-4D16-9386-C517E9E42B25}.Debug|Any CPU.ActiveCfg = Debug|Any CPU
		{687E19D2-1CAC-4D16-9386-C517E9E42B25}.Debug|Any CPU.Build.0 = Debug|Any CPU
		{687E19D2-1CAC-4D16-9386-C517E9E42B25}.Release|Any CPU.ActiveCfg = Release|Any CPU
		{687E19D2-1CAC-4D16-9386-C517E9E42B25}.Release|Any CPU.Build.0 = Release|Any CPU
	EndGlobalSection
	GlobalSection(SolutionProperties) = preSolution
		HideSolutionNode = FALSE
	EndGlobalSection
	GlobalSection(ExtensibilityGlobals) = postSolution
		SolutionGuid = {384B530A-F065-476E-8932-B0A028537A76}
	EndGlobalSection
EndGlobal
