
Microsoft Visual Studio Solution File, Format Version 12.00
# Visual Studio Version 16
VisualStudioVersion = 16.0.30611.23
MinimumVisualStudioVersion = 10.0.40219.1
Project("{FAE04EC0-301F-11D3-BF4B-00C04F79EFBC}") = "ejercicio_6_8_4", "ejercicio_6_8_4.csproj", "{3337006E-665D-439C-A153-F0FD2D030139}"
EndProject
Global
	GlobalSection(SolutionConfigurationPlatforms) = preSolution
		Debug|Any CPU = Debug|Any CPU
		Release|Any CPU = Release|Any CPU
	EndGlobalSection
	GlobalSection(ProjectConfigurationPlatforms) = postSolution
		{3337006E-665D-439C-A153-F0FD2D030139}.Debug|Any CPU.ActiveCfg = Debug|Any CPU
		{3337006E-665D-439C-A153-F0FD2D030139}.Debug|Any CPU.Build.0 = Debug|Any CPU
		{3337006E-665D-439C-A153-F0FD2D030139}.Release|Any CPU.ActiveCfg = Release|Any CPU
		{3337006E-665D-439C-A153-F0FD2D030139}.Release|Any CPU.Build.0 = Release|Any CPU
	EndGlobalSection
	GlobalSection(SolutionProperties) = preSolution
		HideSolutionNode = FALSE
	EndGlobalSection
	GlobalSection(ExtensibilityGlobals) = postSolution
		SolutionGuid = {18F6D890-C75A-449F-AAF2-8D7E58E756BE}
	EndGlobalSection
EndGlobal
