
Microsoft Visual Studio Solution File, Format Version 12.00
# Visual Studio Version 16
VisualStudioVersion = 16.0.30907.101
MinimumVisualStudioVersion = 10.0.40219.1
Project("{FAE04EC0-301F-11D3-BF4B-00C04F79EFBC}") = "Practica3", "Practica3.csproj", "{60534DE5-B5FB-4269-B632-A226DAF8EB3D}"
EndProject
Global
	GlobalSection(SolutionConfigurationPlatforms) = preSolution
		Debug|Any CPU = Debug|Any CPU
		Release|Any CPU = Release|Any CPU
	EndGlobalSection
	GlobalSection(ProjectConfigurationPlatforms) = postSolution
		{60534DE5-B5FB-4269-B632-A226DAF8EB3D}.Debug|Any CPU.ActiveCfg = Debug|Any CPU
		{60534DE5-B5FB-4269-B632-A226DAF8EB3D}.Debug|Any CPU.Build.0 = Debug|Any CPU
		{60534DE5-B5FB-4269-B632-A226DAF8EB3D}.Release|Any CPU.ActiveCfg = Release|Any CPU
		{60534DE5-B5FB-4269-B632-A226DAF8EB3D}.Release|Any CPU.Build.0 = Release|Any CPU
	EndGlobalSection
	GlobalSection(SolutionProperties) = preSolution
		HideSolutionNode = FALSE
	EndGlobalSection
	GlobalSection(ExtensibilityGlobals) = postSolution
		SolutionGuid = {F9FA66E5-3DBB-49D6-A2A9-807875178E7E}
	EndGlobalSection
EndGlobal
