
Microsoft Visual Studio Solution File, Format Version 12.00
# Visual Studio Version 16
VisualStudioVersion = 16.0.31624.102
MinimumVisualStudioVersion = 10.0.40219.1
Project("{FAE04EC0-301F-11D3-BF4B-00C04F79EFBC}") = "Prueba_clase_string", "Prueba_clase_string.csproj", "{05EF3406-AB32-4B21-BC75-7325D8A43C13}"
EndProject
Global
	GlobalSection(SolutionConfigurationPlatforms) = preSolution
		Debug|Any CPU = Debug|Any CPU
		Release|Any CPU = Release|Any CPU
	EndGlobalSection
	GlobalSection(ProjectConfigurationPlatforms) = postSolution
		{05EF3406-AB32-4B21-BC75-7325D8A43C13}.Debug|Any CPU.ActiveCfg = Debug|Any CPU
		{05EF3406-AB32-4B21-BC75-7325D8A43C13}.Debug|Any CPU.Build.0 = Debug|Any CPU
		{05EF3406-AB32-4B21-BC75-7325D8A43C13}.Release|Any CPU.ActiveCfg = Release|Any CPU
		{05EF3406-AB32-4B21-BC75-7325D8A43C13}.Release|Any CPU.Build.0 = Release|Any CPU
	EndGlobalSection
	GlobalSection(SolutionProperties) = preSolution
		HideSolutionNode = FALSE
	EndGlobalSection
	GlobalSection(ExtensibilityGlobals) = postSolution
		SolutionGuid = {10BEB34D-9D04-4538-BFF2-FB767640AB5F}
	EndGlobalSection
EndGlobal
