
Microsoft Visual Studio Solution File, Format Version 12.00
# Visual Studio Version 16
VisualStudioVersion = 16.0.31624.102
MinimumVisualStudioVersion = 10.0.40219.1
Project("{FAE04EC0-301F-11D3-BF4B-00C04F79EFBC}") = "ejercicio 4.1.4.1", "ejercicio 4.1.4.1.csproj", "{6E49756E-D622-4F31-8794-AE82A196485D}"
EndProject
Global
	GlobalSection(SolutionConfigurationPlatforms) = preSolution
		Debug|Any CPU = Debug|Any CPU
		Release|Any CPU = Release|Any CPU
	EndGlobalSection
	GlobalSection(ProjectConfigurationPlatforms) = postSolution
		{6E49756E-D622-4F31-8794-AE82A196485D}.Debug|Any CPU.ActiveCfg = Debug|Any CPU
		{6E49756E-D622-4F31-8794-AE82A196485D}.Debug|Any CPU.Build.0 = Debug|Any CPU
		{6E49756E-D622-4F31-8794-AE82A196485D}.Release|Any CPU.ActiveCfg = Release|Any CPU
		{6E49756E-D622-4F31-8794-AE82A196485D}.Release|Any CPU.Build.0 = Release|Any CPU
	EndGlobalSection
	GlobalSection(SolutionProperties) = preSolution
		HideSolutionNode = FALSE
	EndGlobalSection
	GlobalSection(ExtensibilityGlobals) = postSolution
		SolutionGuid = {10041354-84AB-4E44-97BD-419414045F58}
	EndGlobalSection
EndGlobal
