
Microsoft Visual Studio Solution File, Format Version 12.00
# Visual Studio Version 16
VisualStudioVersion = 16.0.30907.101
MinimumVisualStudioVersion = 10.0.40219.1
Project("{FAE04EC0-301F-11D3-BF4B-00C04F79EFBC}") = "ejercicio 8.5.1", "ejercicio 8.5.1.csproj", "{8AE08A92-D936-4853-A780-61719B013FDF}"
EndProject
Global
	GlobalSection(SolutionConfigurationPlatforms) = preSolution
		Debug|Any CPU = Debug|Any CPU
		Release|Any CPU = Release|Any CPU
	EndGlobalSection
	GlobalSection(ProjectConfigurationPlatforms) = postSolution
		{8AE08A92-D936-4853-A780-61719B013FDF}.Debug|Any CPU.ActiveCfg = Debug|Any CPU
		{8AE08A92-D936-4853-A780-61719B013FDF}.Debug|Any CPU.Build.0 = Debug|Any CPU
		{8AE08A92-D936-4853-A780-61719B013FDF}.Release|Any CPU.ActiveCfg = Release|Any CPU
		{8AE08A92-D936-4853-A780-61719B013FDF}.Release|Any CPU.Build.0 = Release|Any CPU
	EndGlobalSection
	GlobalSection(SolutionProperties) = preSolution
		HideSolutionNode = FALSE
	EndGlobalSection
	GlobalSection(ExtensibilityGlobals) = postSolution
		SolutionGuid = {056E76E9-C380-4A70-B70A-5C4A0AFD5AE6}
	EndGlobalSection
EndGlobal
