
Microsoft Visual Studio Solution File, Format Version 12.00
# Visual Studio Version 16
VisualStudioVersion = 16.0.31624.102
MinimumVisualStudioVersion = 10.0.40219.1
Project("{FAE04EC0-301F-11D3-BF4B-00C04F79EFBC}") = "ejercicio 2.6.6", "ejercicio 2.6.6.csproj", "{D8C50590-E11B-481A-B4AD-F63D321F3741}"
EndProject
Global
	GlobalSection(SolutionConfigurationPlatforms) = preSolution
		Debug|Any CPU = Debug|Any CPU
		Release|Any CPU = Release|Any CPU
	EndGlobalSection
	GlobalSection(ProjectConfigurationPlatforms) = postSolution
		{D8C50590-E11B-481A-B4AD-F63D321F3741}.Debug|Any CPU.ActiveCfg = Debug|Any CPU
		{D8C50590-E11B-481A-B4AD-F63D321F3741}.Debug|Any CPU.Build.0 = Debug|Any CPU
		{D8C50590-E11B-481A-B4AD-F63D321F3741}.Release|Any CPU.ActiveCfg = Release|Any CPU
		{D8C50590-E11B-481A-B4AD-F63D321F3741}.Release|Any CPU.Build.0 = Release|Any CPU
	EndGlobalSection
	GlobalSection(SolutionProperties) = preSolution
		HideSolutionNode = FALSE
	EndGlobalSection
	GlobalSection(ExtensibilityGlobals) = postSolution
		SolutionGuid = {B9B55A47-3EDF-4BEE-91D4-25065D415294}
	EndGlobalSection
EndGlobal
