
Microsoft Visual Studio Solution File, Format Version 12.00
# Visual Studio Version 16
VisualStudioVersion = 16.0.31624.102
MinimumVisualStudioVersion = 10.0.40219.1
Project("{FAE04EC0-301F-11D3-BF4B-00C04F79EFBC}") = "ejercicio 2.1.9.1", "ejercicio 2.1.9.1.csproj", "{A1D889DD-CFCB-4C4B-A8DA-FA95FABA78A1}"
EndProject
Global
	GlobalSection(SolutionConfigurationPlatforms) = preSolution
		Debug|Any CPU = Debug|Any CPU
		Release|Any CPU = Release|Any CPU
	EndGlobalSection
	GlobalSection(ProjectConfigurationPlatforms) = postSolution
		{A1D889DD-CFCB-4C4B-A8DA-FA95FABA78A1}.Debug|Any CPU.ActiveCfg = Debug|Any CPU
		{A1D889DD-CFCB-4C4B-A8DA-FA95FABA78A1}.Debug|Any CPU.Build.0 = Debug|Any CPU
		{A1D889DD-CFCB-4C4B-A8DA-FA95FABA78A1}.Release|Any CPU.ActiveCfg = Release|Any CPU
		{A1D889DD-CFCB-4C4B-A8DA-FA95FABA78A1}.Release|Any CPU.Build.0 = Release|Any CPU
	EndGlobalSection
	GlobalSection(SolutionProperties) = preSolution
		HideSolutionNode = FALSE
	EndGlobalSection
	GlobalSection(ExtensibilityGlobals) = postSolution
		SolutionGuid = {B193FC50-54B2-4CC9-96F9-E8568E3DF83F}
	EndGlobalSection
EndGlobal
