
Microsoft Visual Studio Solution File, Format Version 12.00
# Visual Studio Version 16
VisualStudioVersion = 16.0.31624.102
MinimumVisualStudioVersion = 10.0.40219.1
Project("{FAE04EC0-301F-11D3-BF4B-00C04F79EFBC}") = "ejercicio 2.2.4.2", "ejercicio 2.2.4.2.csproj", "{6C8CE0DA-FE70-4947-868E-44AAB5A1659B}"
EndProject
Global
	GlobalSection(SolutionConfigurationPlatforms) = preSolution
		Debug|Any CPU = Debug|Any CPU
		Release|Any CPU = Release|Any CPU
	EndGlobalSection
	GlobalSection(ProjectConfigurationPlatforms) = postSolution
		{6C8CE0DA-FE70-4947-868E-44AAB5A1659B}.Debug|Any CPU.ActiveCfg = Debug|Any CPU
		{6C8CE0DA-FE70-4947-868E-44AAB5A1659B}.Debug|Any CPU.Build.0 = Debug|Any CPU
		{6C8CE0DA-FE70-4947-868E-44AAB5A1659B}.Release|Any CPU.ActiveCfg = Release|Any CPU
		{6C8CE0DA-FE70-4947-868E-44AAB5A1659B}.Release|Any CPU.Build.0 = Release|Any CPU
	EndGlobalSection
	GlobalSection(SolutionProperties) = preSolution
		HideSolutionNode = FALSE
	EndGlobalSection
	GlobalSection(ExtensibilityGlobals) = postSolution
		SolutionGuid = {6D468350-E108-42ED-9B9C-E9504C157869}
	EndGlobalSection
EndGlobal
