
Microsoft Visual Studio Solution File, Format Version 12.00
# Visual Studio Version 16
VisualStudioVersion = 16.0.30611.23
MinimumVisualStudioVersion = 10.0.40219.1
Project("{FAE04EC0-301F-11D3-BF4B-00C04F79EFBC}") = "ejercicio_6_2_3", "ejercicio_6_2_3.csproj", "{23450E72-5BBA-46D5-AF71-E44246083D64}"
EndProject
Global
	GlobalSection(SolutionConfigurationPlatforms) = preSolution
		Debug|Any CPU = Debug|Any CPU
		Release|Any CPU = Release|Any CPU
	EndGlobalSection
	GlobalSection(ProjectConfigurationPlatforms) = postSolution
		{23450E72-5BBA-46D5-AF71-E44246083D64}.Debug|Any CPU.ActiveCfg = Debug|Any CPU
		{23450E72-5BBA-46D5-AF71-E44246083D64}.Debug|Any CPU.Build.0 = Debug|Any CPU
		{23450E72-5BBA-46D5-AF71-E44246083D64}.Release|Any CPU.ActiveCfg = Release|Any CPU
		{23450E72-5BBA-46D5-AF71-E44246083D64}.Release|Any CPU.Build.0 = Release|Any CPU
	EndGlobalSection
	GlobalSection(SolutionProperties) = preSolution
		HideSolutionNode = FALSE
	EndGlobalSection
	GlobalSection(ExtensibilityGlobals) = postSolution
		SolutionGuid = {5C839F53-D055-4D5C-BF61-AAD7A582AE9D}
	EndGlobalSection
EndGlobal
