
Microsoft Visual Studio Solution File, Format Version 12.00
# Visual Studio Version 16
VisualStudioVersion = 16.0.31624.102
MinimumVisualStudioVersion = 10.0.40219.1
Project("{FAE04EC0-301F-11D3-BF4B-00C04F79EFBC}") = "ejercicio 1.10.2", "ejercicio 1.10.2.csproj", "{527A1FC2-D850-4916-869E-678D86040A12}"
EndProject
Global
	GlobalSection(SolutionConfigurationPlatforms) = preSolution
		Debug|Any CPU = Debug|Any CPU
		Release|Any CPU = Release|Any CPU
	EndGlobalSection
	GlobalSection(ProjectConfigurationPlatforms) = postSolution
		{527A1FC2-D850-4916-869E-678D86040A12}.Debug|Any CPU.ActiveCfg = Debug|Any CPU
		{527A1FC2-D850-4916-869E-678D86040A12}.Debug|Any CPU.Build.0 = Debug|Any CPU
		{527A1FC2-D850-4916-869E-678D86040A12}.Release|Any CPU.ActiveCfg = Release|Any CPU
		{527A1FC2-D850-4916-869E-678D86040A12}.Release|Any CPU.Build.0 = Release|Any CPU
	EndGlobalSection
	GlobalSection(SolutionProperties) = preSolution
		HideSolutionNode = FALSE
	EndGlobalSection
	GlobalSection(ExtensibilityGlobals) = postSolution
		SolutionGuid = {0BC7F418-1968-4A93-A929-4D80468F8B5E}
	EndGlobalSection
EndGlobal
