
Microsoft Visual Studio Solution File, Format Version 12.00
# Visual Studio Version 16
VisualStudioVersion = 16.0.31624.102
MinimumVisualStudioVersion = 10.0.40219.1
Project("{FAE04EC0-301F-11D3-BF4B-00C04F79EFBC}") = "ejercicio 7.1.2", "ejercicio 7.1.2.csproj", "{6E141314-87D4-4A8E-84B5-6500B1DE73FB}"
EndProject
Global
	GlobalSection(SolutionConfigurationPlatforms) = preSolution
		Debug|Any CPU = Debug|Any CPU
		Release|Any CPU = Release|Any CPU
	EndGlobalSection
	GlobalSection(ProjectConfigurationPlatforms) = postSolution
		{6E141314-87D4-4A8E-84B5-6500B1DE73FB}.Debug|Any CPU.ActiveCfg = Debug|Any CPU
		{6E141314-87D4-4A8E-84B5-6500B1DE73FB}.Debug|Any CPU.Build.0 = Debug|Any CPU
		{6E141314-87D4-4A8E-84B5-6500B1DE73FB}.Release|Any CPU.ActiveCfg = Release|Any CPU
		{6E141314-87D4-4A8E-84B5-6500B1DE73FB}.Release|Any CPU.Build.0 = Release|Any CPU
	EndGlobalSection
	GlobalSection(SolutionProperties) = preSolution
		HideSolutionNode = FALSE
	EndGlobalSection
	GlobalSection(ExtensibilityGlobals) = postSolution
		SolutionGuid = {EC59D637-4D91-4BA9-A064-27C26A48364F}
	EndGlobalSection
EndGlobal
