
Microsoft Visual Studio Solution File, Format Version 12.00
# Visual Studio Version 16
VisualStudioVersion = 16.0.31624.102
MinimumVisualStudioVersion = 10.0.40219.1
Project("{FAE04EC0-301F-11D3-BF4B-00C04F79EFBC}") = "ejercicio 2.2.5.2", "ejercicio 2.2.5.2.csproj", "{DD7E227D-BFD5-4BD0-A92A-5F8E2B41EC72}"
EndProject
Global
	GlobalSection(SolutionConfigurationPlatforms) = preSolution
		Debug|Any CPU = Debug|Any CPU
		Release|Any CPU = Release|Any CPU
	EndGlobalSection
	GlobalSection(ProjectConfigurationPlatforms) = postSolution
		{DD7E227D-BFD5-4BD0-A92A-5F8E2B41EC72}.Debug|Any CPU.ActiveCfg = Debug|Any CPU
		{DD7E227D-BFD5-4BD0-A92A-5F8E2B41EC72}.Debug|Any CPU.Build.0 = Debug|Any CPU
		{DD7E227D-BFD5-4BD0-A92A-5F8E2B41EC72}.Release|Any CPU.ActiveCfg = Release|Any CPU
		{DD7E227D-BFD5-4BD0-A92A-5F8E2B41EC72}.Release|Any CPU.Build.0 = Release|Any CPU
	EndGlobalSection
	GlobalSection(SolutionProperties) = preSolution
		HideSolutionNode = FALSE
	EndGlobalSection
	GlobalSection(ExtensibilityGlobals) = postSolution
		SolutionGuid = {337E4F93-90CB-45EC-B7DF-FF992D49772D}
	EndGlobalSection
EndGlobal
