
Microsoft Visual Studio Solution File, Format Version 12.00
# Visual Studio Version 16
VisualStudioVersion = 16.0.31624.102
MinimumVisualStudioVersion = 10.0.40219.1
Project("{FAE04EC0-301F-11D3-BF4B-00C04F79EFBC}") = "ejercicio 4.4.1.1", "ejercicio 4.4.1.1.csproj", "{E2445078-7782-47E8-98F0-D5343E76B233}"
EndProject
Global
	GlobalSection(SolutionConfigurationPlatforms) = preSolution
		Debug|Any CPU = Debug|Any CPU
		Release|Any CPU = Release|Any CPU
	EndGlobalSection
	GlobalSection(ProjectConfigurationPlatforms) = postSolution
		{E2445078-7782-47E8-98F0-D5343E76B233}.Debug|Any CPU.ActiveCfg = Debug|Any CPU
		{E2445078-7782-47E8-98F0-D5343E76B233}.Debug|Any CPU.Build.0 = Debug|Any CPU
		{E2445078-7782-47E8-98F0-D5343E76B233}.Release|Any CPU.ActiveCfg = Release|Any CPU
		{E2445078-7782-47E8-98F0-D5343E76B233}.Release|Any CPU.Build.0 = Release|Any CPU
	EndGlobalSection
	GlobalSection(SolutionProperties) = preSolution
		HideSolutionNode = FALSE
	EndGlobalSection
	GlobalSection(ExtensibilityGlobals) = postSolution
		SolutionGuid = {1A96CFA2-C997-4BD3-92C5-208A243D2A91}
	EndGlobalSection
EndGlobal
