
Microsoft Visual Studio Solution File, Format Version 12.00
# Visual Studio Version 16
VisualStudioVersion = 16.0.31624.102
MinimumVisualStudioVersion = 10.0.40219.1
Project("{FAE04EC0-301F-11D3-BF4B-00C04F79EFBC}") = "ejercicio 5.9.1.5", "ejercicio 5.9.1.5.csproj", "{63B7D0BF-878E-43F1-AF77-DE2639EDD76C}"
EndProject
Global
	GlobalSection(SolutionConfigurationPlatforms) = preSolution
		Debug|Any CPU = Debug|Any CPU
		Release|Any CPU = Release|Any CPU
	EndGlobalSection
	GlobalSection(ProjectConfigurationPlatforms) = postSolution
		{63B7D0BF-878E-43F1-AF77-DE2639EDD76C}.Debug|Any CPU.ActiveCfg = Debug|Any CPU
		{63B7D0BF-878E-43F1-AF77-DE2639EDD76C}.Debug|Any CPU.Build.0 = Debug|Any CPU
		{63B7D0BF-878E-43F1-AF77-DE2639EDD76C}.Release|Any CPU.ActiveCfg = Release|Any CPU
		{63B7D0BF-878E-43F1-AF77-DE2639EDD76C}.Release|Any CPU.Build.0 = Release|Any CPU
	EndGlobalSection
	GlobalSection(SolutionProperties) = preSolution
		HideSolutionNode = FALSE
	EndGlobalSection
	GlobalSection(ExtensibilityGlobals) = postSolution
		SolutionGuid = {BA31FB4F-832A-4622-B160-7A3F76B7032D}
	EndGlobalSection
EndGlobal
