
Microsoft Visual Studio Solution File, Format Version 12.00
# Visual Studio Version 16
VisualStudioVersion = 16.0.30907.101
MinimumVisualStudioVersion = 10.0.40219.1
Project("{FAE04EC0-301F-11D3-BF4B-00C04F79EFBC}") = "ejercicio 8.2.3", "ejercicio 8.2.3.csproj", "{87CAE768-0E43-46B3-B10B-CA86D5AC5472}"
EndProject
Global
	GlobalSection(SolutionConfigurationPlatforms) = preSolution
		Debug|Any CPU = Debug|Any CPU
		Release|Any CPU = Release|Any CPU
	EndGlobalSection
	GlobalSection(ProjectConfigurationPlatforms) = postSolution
		{87CAE768-0E43-46B3-B10B-CA86D5AC5472}.Debug|Any CPU.ActiveCfg = Debug|Any CPU
		{87CAE768-0E43-46B3-B10B-CA86D5AC5472}.Debug|Any CPU.Build.0 = Debug|Any CPU
		{87CAE768-0E43-46B3-B10B-CA86D5AC5472}.Release|Any CPU.ActiveCfg = Release|Any CPU
		{87CAE768-0E43-46B3-B10B-CA86D5AC5472}.Release|Any CPU.Build.0 = Release|Any CPU
	EndGlobalSection
	GlobalSection(SolutionProperties) = preSolution
		HideSolutionNode = FALSE
	EndGlobalSection
	GlobalSection(ExtensibilityGlobals) = postSolution
		SolutionGuid = {917FAF30-DD93-4BA3-AD71-F927F245105C}
	EndGlobalSection
EndGlobal
