
Microsoft Visual Studio Solution File, Format Version 12.00
# Visual Studio Version 16
VisualStudioVersion = 16.0.31624.102
MinimumVisualStudioVersion = 10.0.40219.1
Project("{FAE04EC0-301F-11D3-BF4B-00C04F79EFBC}") = "ejercicio 2.1.5.9", "ejercicio 2.1.5.9.csproj", "{0224FFF4-A545-453D-966B-2C9A8060DAE7}"
EndProject
Global
	GlobalSection(SolutionConfigurationPlatforms) = preSolution
		Debug|Any CPU = Debug|Any CPU
		Release|Any CPU = Release|Any CPU
	EndGlobalSection
	GlobalSection(ProjectConfigurationPlatforms) = postSolution
		{0224FFF4-A545-453D-966B-2C9A8060DAE7}.Debug|Any CPU.ActiveCfg = Debug|Any CPU
		{0224FFF4-A545-453D-966B-2C9A8060DAE7}.Debug|Any CPU.Build.0 = Debug|Any CPU
		{0224FFF4-A545-453D-966B-2C9A8060DAE7}.Release|Any CPU.ActiveCfg = Release|Any CPU
		{0224FFF4-A545-453D-966B-2C9A8060DAE7}.Release|Any CPU.Build.0 = Release|Any CPU
	EndGlobalSection
	GlobalSection(SolutionProperties) = preSolution
		HideSolutionNode = FALSE
	EndGlobalSection
	GlobalSection(ExtensibilityGlobals) = postSolution
		SolutionGuid = {33D9AA7E-C5B8-4901-9AA8-2E940C4A8AD0}
	EndGlobalSection
EndGlobal
