
Microsoft Visual Studio Solution File, Format Version 12.00
# Visual Studio Version 16
VisualStudioVersion = 16.0.31624.102
MinimumVisualStudioVersion = 10.0.40219.1
Project("{FAE04EC0-301F-11D3-BF4B-00C04F79EFBC}") = "ejemplo clase funciones", "ejemplo clase funciones.csproj", "{0E6A9427-D806-49D4-80DC-001964B1A9A1}"
EndProject
Global
	GlobalSection(SolutionConfigurationPlatforms) = preSolution
		Debug|Any CPU = Debug|Any CPU
		Release|Any CPU = Release|Any CPU
	EndGlobalSection
	GlobalSection(ProjectConfigurationPlatforms) = postSolution
		{0E6A9427-D806-49D4-80DC-001964B1A9A1}.Debug|Any CPU.ActiveCfg = Debug|Any CPU
		{0E6A9427-D806-49D4-80DC-001964B1A9A1}.Debug|Any CPU.Build.0 = Debug|Any CPU
		{0E6A9427-D806-49D4-80DC-001964B1A9A1}.Release|Any CPU.ActiveCfg = Release|Any CPU
		{0E6A9427-D806-49D4-80DC-001964B1A9A1}.Release|Any CPU.Build.0 = Release|Any CPU
	EndGlobalSection
	GlobalSection(SolutionProperties) = preSolution
		HideSolutionNode = FALSE
	EndGlobalSection
	GlobalSection(ExtensibilityGlobals) = postSolution
		SolutionGuid = {7B9E6FF7-6A37-4F91-ABD3-5ACA3A07950E}
	EndGlobalSection
EndGlobal
