
Microsoft Visual Studio Solution File, Format Version 12.00
# Visual Studio Version 16
VisualStudioVersion = 16.0.31624.102
MinimumVisualStudioVersion = 10.0.40219.1
Project("{FAE04EC0-301F-11D3-BF4B-00C04F79EFBC}") = "2.2.2.2", "2.2.2.2.csproj", "{6B146A22-B098-4864-95F4-3D5D8B3FCF96}"
EndProject
Global
	GlobalSection(SolutionConfigurationPlatforms) = preSolution
		Debug|Any CPU = Debug|Any CPU
		Release|Any CPU = Release|Any CPU
	EndGlobalSection
	GlobalSection(ProjectConfigurationPlatforms) = postSolution
		{6B146A22-B098-4864-95F4-3D5D8B3FCF96}.Debug|Any CPU.ActiveCfg = Debug|Any CPU
		{6B146A22-B098-4864-95F4-3D5D8B3FCF96}.Debug|Any CPU.Build.0 = Debug|Any CPU
		{6B146A22-B098-4864-95F4-3D5D8B3FCF96}.Release|Any CPU.ActiveCfg = Release|Any CPU
		{6B146A22-B098-4864-95F4-3D5D8B3FCF96}.Release|Any CPU.Build.0 = Release|Any CPU
	EndGlobalSection
	GlobalSection(SolutionProperties) = preSolution
		HideSolutionNode = FALSE
	EndGlobalSection
	GlobalSection(ExtensibilityGlobals) = postSolution
		SolutionGuid = {E3202ACD-9F13-455F-B17B-4B969CAB4C2A}
	EndGlobalSection
EndGlobal
