
Microsoft Visual Studio Solution File, Format Version 12.00
# Visual Studio Version 16
VisualStudioVersion = 16.0.30907.101
MinimumVisualStudioVersion = 10.0.40219.1
Project("{FAE04EC0-301F-11D3-BF4B-00C04F79EFBC}") = "ejercicio 8.10.3", "ejercicio 8.10.3.csproj", "{C63BE44C-1C4C-4038-A7C3-3EA6A0D8A136}"
EndProject
Global
	GlobalSection(SolutionConfigurationPlatforms) = preSolution
		Debug|Any CPU = Debug|Any CPU
		Release|Any CPU = Release|Any CPU
	EndGlobalSection
	GlobalSection(ProjectConfigurationPlatforms) = postSolution
		{C63BE44C-1C4C-4038-A7C3-3EA6A0D8A136}.Debug|Any CPU.ActiveCfg = Debug|Any CPU
		{C63BE44C-1C4C-4038-A7C3-3EA6A0D8A136}.Debug|Any CPU.Build.0 = Debug|Any CPU
		{C63BE44C-1C4C-4038-A7C3-3EA6A0D8A136}.Release|Any CPU.ActiveCfg = Release|Any CPU
		{C63BE44C-1C4C-4038-A7C3-3EA6A0D8A136}.Release|Any CPU.Build.0 = Release|Any CPU
	EndGlobalSection
	GlobalSection(SolutionProperties) = preSolution
		HideSolutionNode = FALSE
	EndGlobalSection
	GlobalSection(ExtensibilityGlobals) = postSolution
		SolutionGuid = {900C3F04-A8CF-46DD-9F03-E3107C4D1BDD}
	EndGlobalSection
EndGlobal
