
Microsoft Visual Studio Solution File, Format Version 12.00
# Visual Studio Version 16
VisualStudioVersion = 16.0.31624.102
MinimumVisualStudioVersion = 10.0.40219.1
Project("{FAE04EC0-301F-11D3-BF4B-00C04F79EFBC}") = "ejercicio 4.1.3.7", "ejercicio 4.1.3.7.csproj", "{D679F129-1D82-486B-AB78-5EBEC34E2F66}"
EndProject
Global
	GlobalSection(SolutionConfigurationPlatforms) = preSolution
		Debug|Any CPU = Debug|Any CPU
		Release|Any CPU = Release|Any CPU
	EndGlobalSection
	GlobalSection(ProjectConfigurationPlatforms) = postSolution
		{D679F129-1D82-486B-AB78-5EBEC34E2F66}.Debug|Any CPU.ActiveCfg = Debug|Any CPU
		{D679F129-1D82-486B-AB78-5EBEC34E2F66}.Debug|Any CPU.Build.0 = Debug|Any CPU
		{D679F129-1D82-486B-AB78-5EBEC34E2F66}.Release|Any CPU.ActiveCfg = Release|Any CPU
		{D679F129-1D82-486B-AB78-5EBEC34E2F66}.Release|Any CPU.Build.0 = Release|Any CPU
	EndGlobalSection
	GlobalSection(SolutionProperties) = preSolution
		HideSolutionNode = FALSE
	EndGlobalSection
	GlobalSection(ExtensibilityGlobals) = postSolution
		SolutionGuid = {E5F28222-02A3-45A2-9EC4-74CA081CB089}
	EndGlobalSection
EndGlobal
