
Microsoft Visual Studio Solution File, Format Version 12.00
# Visual Studio Version 16
VisualStudioVersion = 16.0.31624.102
MinimumVisualStudioVersion = 10.0.40219.1
Project("{FAE04EC0-301F-11D3-BF4B-00C04F79EFBC}") = "ejercicio 6.5.1", "ejercicio 6.5.1.csproj", "{093C0D86-C79C-4439-BF12-F9AA2BD0ADB8}"
EndProject
Global
	GlobalSection(SolutionConfigurationPlatforms) = preSolution
		Debug|Any CPU = Debug|Any CPU
		Release|Any CPU = Release|Any CPU
	EndGlobalSection
	GlobalSection(ProjectConfigurationPlatforms) = postSolution
		{093C0D86-C79C-4439-BF12-F9AA2BD0ADB8}.Debug|Any CPU.ActiveCfg = Debug|Any CPU
		{093C0D86-C79C-4439-BF12-F9AA2BD0ADB8}.Debug|Any CPU.Build.0 = Debug|Any CPU
		{093C0D86-C79C-4439-BF12-F9AA2BD0ADB8}.Release|Any CPU.ActiveCfg = Release|Any CPU
		{093C0D86-C79C-4439-BF12-F9AA2BD0ADB8}.Release|Any CPU.Build.0 = Release|Any CPU
	EndGlobalSection
	GlobalSection(SolutionProperties) = preSolution
		HideSolutionNode = FALSE
	EndGlobalSection
	GlobalSection(ExtensibilityGlobals) = postSolution
		SolutionGuid = {6E98C65F-9BFE-48D3-97F0-7C0CA0A394CB}
	EndGlobalSection
EndGlobal
