
Microsoft Visual Studio Solution File, Format Version 12.00
# Visual Studio Version 16
VisualStudioVersion = 16.0.31624.102
MinimumVisualStudioVersion = 10.0.40219.1
Project("{FAE04EC0-301F-11D3-BF4B-00C04F79EFBC}") = "ejercicio 3.2.3.3", "ejercicio 3.2.3.3.csproj", "{331944D7-B0D9-4AE4-A42E-0A70863D78AE}"
EndProject
Global
	GlobalSection(SolutionConfigurationPlatforms) = preSolution
		Debug|Any CPU = Debug|Any CPU
		Release|Any CPU = Release|Any CPU
	EndGlobalSection
	GlobalSection(ProjectConfigurationPlatforms) = postSolution
		{331944D7-B0D9-4AE4-A42E-0A70863D78AE}.Debug|Any CPU.ActiveCfg = Debug|Any CPU
		{331944D7-B0D9-4AE4-A42E-0A70863D78AE}.Debug|Any CPU.Build.0 = Debug|Any CPU
		{331944D7-B0D9-4AE4-A42E-0A70863D78AE}.Release|Any CPU.ActiveCfg = Release|Any CPU
		{331944D7-B0D9-4AE4-A42E-0A70863D78AE}.Release|Any CPU.Build.0 = Release|Any CPU
	EndGlobalSection
	GlobalSection(SolutionProperties) = preSolution
		HideSolutionNode = FALSE
	EndGlobalSection
	GlobalSection(ExtensibilityGlobals) = postSolution
		SolutionGuid = {1D9A66A0-4BF9-49ED-9534-F805A2D5C505}
	EndGlobalSection
EndGlobal
