
Microsoft Visual Studio Solution File, Format Version 12.00
# Visual Studio Version 16
VisualStudioVersion = 16.0.31624.102
MinimumVisualStudioVersion = 10.0.40219.1
Project("{FAE04EC0-301F-11D3-BF4B-00C04F79EFBC}") = "ejercicio 5.10.1", "ejercicio 5.10.1.csproj", "{0DC9D2E9-8764-4E51-912C-D5EC90FF6EB9}"
EndProject
Global
	GlobalSection(SolutionConfigurationPlatforms) = preSolution
		Debug|Any CPU = Debug|Any CPU
		Release|Any CPU = Release|Any CPU
	EndGlobalSection
	GlobalSection(ProjectConfigurationPlatforms) = postSolution
		{0DC9D2E9-8764-4E51-912C-D5EC90FF6EB9}.Debug|Any CPU.ActiveCfg = Debug|Any CPU
		{0DC9D2E9-8764-4E51-912C-D5EC90FF6EB9}.Debug|Any CPU.Build.0 = Debug|Any CPU
		{0DC9D2E9-8764-4E51-912C-D5EC90FF6EB9}.Release|Any CPU.ActiveCfg = Release|Any CPU
		{0DC9D2E9-8764-4E51-912C-D5EC90FF6EB9}.Release|Any CPU.Build.0 = Release|Any CPU
	EndGlobalSection
	GlobalSection(SolutionProperties) = preSolution
		HideSolutionNode = FALSE
	EndGlobalSection
	GlobalSection(ExtensibilityGlobals) = postSolution
		SolutionGuid = {41A78F4D-4B80-429D-8E3C-2EBEAB3BE3CC}
	EndGlobalSection
EndGlobal
