
Microsoft Visual Studio Solution File, Format Version 12.00
# Visual Studio Version 16
VisualStudioVersion = 16.0.31624.102
MinimumVisualStudioVersion = 10.0.40219.1
Project("{FAE04EC0-301F-11D3-BF4B-00C04F79EFBC}") = "Ejercicio clase", "Ejercicio clase.csproj", "{817188A7-BCEE-41E8-934A-100633829F3A}"
EndProject
Global
	GlobalSection(SolutionConfigurationPlatforms) = preSolution
		Debug|Any CPU = Debug|Any CPU
		Release|Any CPU = Release|Any CPU
	EndGlobalSection
	GlobalSection(ProjectConfigurationPlatforms) = postSolution
		{817188A7-BCEE-41E8-934A-100633829F3A}.Debug|Any CPU.ActiveCfg = Debug|Any CPU
		{817188A7-BCEE-41E8-934A-100633829F3A}.Debug|Any CPU.Build.0 = Debug|Any CPU
		{817188A7-BCEE-41E8-934A-100633829F3A}.Release|Any CPU.ActiveCfg = Release|Any CPU
		{817188A7-BCEE-41E8-934A-100633829F3A}.Release|Any CPU.Build.0 = Release|Any CPU
	EndGlobalSection
	GlobalSection(SolutionProperties) = preSolution
		HideSolutionNode = FALSE
	EndGlobalSection
	GlobalSection(ExtensibilityGlobals) = postSolution
		SolutionGuid = {C82A14C9-FAC6-4AF6-92E1-371BBC600EE7}
	EndGlobalSection
EndGlobal
