
Microsoft Visual Studio Solution File, Format Version 12.00
# Visual Studio Version 16
VisualStudioVersion = 16.0.31624.102
MinimumVisualStudioVersion = 10.0.40219.1
Project("{FAE04EC0-301F-11D3-BF4B-00C04F79EFBC}") = "ejercicio 2.5.1", "ejercicio 2.5.1.csproj", "{0280DCF2-F26B-4331-B5C2-1A573D48984A}"
EndProject
Global
	GlobalSection(SolutionConfigurationPlatforms) = preSolution
		Debug|Any CPU = Debug|Any CPU
		Release|Any CPU = Release|Any CPU
	EndGlobalSection
	GlobalSection(ProjectConfigurationPlatforms) = postSolution
		{0280DCF2-F26B-4331-B5C2-1A573D48984A}.Debug|Any CPU.ActiveCfg = Debug|Any CPU
		{0280DCF2-F26B-4331-B5C2-1A573D48984A}.Debug|Any CPU.Build.0 = Debug|Any CPU
		{0280DCF2-F26B-4331-B5C2-1A573D48984A}.Release|Any CPU.ActiveCfg = Release|Any CPU
		{0280DCF2-F26B-4331-B5C2-1A573D48984A}.Release|Any CPU.Build.0 = Release|Any CPU
	EndGlobalSection
	GlobalSection(SolutionProperties) = preSolution
		HideSolutionNode = FALSE
	EndGlobalSection
	GlobalSection(ExtensibilityGlobals) = postSolution
		SolutionGuid = {0391B14D-DC2F-4DE2-A301-2FF58AA56DC4}
	EndGlobalSection
EndGlobal
