
Microsoft Visual Studio Solution File, Format Version 12.00
# Visual Studio Version 16
VisualStudioVersion = 16.0.31624.102
MinimumVisualStudioVersion = 10.0.40219.1
Project("{FAE04EC0-301F-11D3-BF4B-00C04F79EFBC}") = "ejercicio 2.2.6.2", "ejercicio 2.2.6.2.csproj", "{1FDDE5C5-1CF3-4177-A59B-2B0301B12120}"
EndProject
Global
	GlobalSection(SolutionConfigurationPlatforms) = preSolution
		Debug|Any CPU = Debug|Any CPU
		Release|Any CPU = Release|Any CPU
	EndGlobalSection
	GlobalSection(ProjectConfigurationPlatforms) = postSolution
		{1FDDE5C5-1CF3-4177-A59B-2B0301B12120}.Debug|Any CPU.ActiveCfg = Debug|Any CPU
		{1FDDE5C5-1CF3-4177-A59B-2B0301B12120}.Debug|Any CPU.Build.0 = Debug|Any CPU
		{1FDDE5C5-1CF3-4177-A59B-2B0301B12120}.Release|Any CPU.ActiveCfg = Release|Any CPU
		{1FDDE5C5-1CF3-4177-A59B-2B0301B12120}.Release|Any CPU.Build.0 = Release|Any CPU
	EndGlobalSection
	GlobalSection(SolutionProperties) = preSolution
		HideSolutionNode = FALSE
	EndGlobalSection
	GlobalSection(ExtensibilityGlobals) = postSolution
		SolutionGuid = {CC9B53C3-23D5-4869-9A2E-4F0E15F4B433}
	EndGlobalSection
EndGlobal
