
Microsoft Visual Studio Solution File, Format Version 12.00
# Visual Studio Version 16
VisualStudioVersion = 16.0.31624.102
MinimumVisualStudioVersion = 10.0.40219.1
Project("{FAE04EC0-301F-11D3-BF4B-00C04F79EFBC}") = "ejercicio 2.2.1.1.2", "ejercicio 2.2.1.1.2.csproj", "{FD9B23DF-760E-4EF0-BFCA-C60A48572895}"
EndProject
Global
	GlobalSection(SolutionConfigurationPlatforms) = preSolution
		Debug|Any CPU = Debug|Any CPU
		Release|Any CPU = Release|Any CPU
	EndGlobalSection
	GlobalSection(ProjectConfigurationPlatforms) = postSolution
		{FD9B23DF-760E-4EF0-BFCA-C60A48572895}.Debug|Any CPU.ActiveCfg = Debug|Any CPU
		{FD9B23DF-760E-4EF0-BFCA-C60A48572895}.Debug|Any CPU.Build.0 = Debug|Any CPU
		{FD9B23DF-760E-4EF0-BFCA-C60A48572895}.Release|Any CPU.ActiveCfg = Release|Any CPU
		{FD9B23DF-760E-4EF0-BFCA-C60A48572895}.Release|Any CPU.Build.0 = Release|Any CPU
	EndGlobalSection
	GlobalSection(SolutionProperties) = preSolution
		HideSolutionNode = FALSE
	EndGlobalSection
	GlobalSection(ExtensibilityGlobals) = postSolution
		SolutionGuid = {8C2ACA6B-669B-47B4-8E5D-952B7BEAD5A5}
	EndGlobalSection
EndGlobal
