
Microsoft Visual Studio Solution File, Format Version 12.00
# Visual Studio Version 16
VisualStudioVersion = 16.0.30907.101
MinimumVisualStudioVersion = 10.0.40219.1
Project("{FAE04EC0-301F-11D3-BF4B-00C04F79EFBC}") = "ejercicio 8.9.1", "ejercicio 8.9.1.csproj", "{8802408D-C078-4CF8-A6DE-54B30137E162}"
EndProject
Global
	GlobalSection(SolutionConfigurationPlatforms) = preSolution
		Debug|Any CPU = Debug|Any CPU
		Release|Any CPU = Release|Any CPU
	EndGlobalSection
	GlobalSection(ProjectConfigurationPlatforms) = postSolution
		{8802408D-C078-4CF8-A6DE-54B30137E162}.Debug|Any CPU.ActiveCfg = Debug|Any CPU
		{8802408D-C078-4CF8-A6DE-54B30137E162}.Debug|Any CPU.Build.0 = Debug|Any CPU
		{8802408D-C078-4CF8-A6DE-54B30137E162}.Release|Any CPU.ActiveCfg = Release|Any CPU
		{8802408D-C078-4CF8-A6DE-54B30137E162}.Release|Any CPU.Build.0 = Release|Any CPU
	EndGlobalSection
	GlobalSection(SolutionProperties) = preSolution
		HideSolutionNode = FALSE
	EndGlobalSection
	GlobalSection(ExtensibilityGlobals) = postSolution
		SolutionGuid = {2857A5CB-9227-40AD-A404-47E135D70918}
	EndGlobalSection
EndGlobal
