
Microsoft Visual Studio Solution File, Format Version 12.00
# Visual Studio Version 16
VisualStudioVersion = 16.0.31624.102
MinimumVisualStudioVersion = 10.0.40219.1
Project("{FAE04EC0-301F-11D3-BF4B-00C04F79EFBC}") = "ejercicio 1.11.4", "ejercicio 1.11.4.csproj", "{EDDEB329-1CB8-4239-BCF3-8AD989909468}"
EndProject
Global
	GlobalSection(SolutionConfigurationPlatforms) = preSolution
		Debug|Any CPU = Debug|Any CPU
		Release|Any CPU = Release|Any CPU
	EndGlobalSection
	GlobalSection(ProjectConfigurationPlatforms) = postSolution
		{EDDEB329-1CB8-4239-BCF3-8AD989909468}.Debug|Any CPU.ActiveCfg = Debug|Any CPU
		{EDDEB329-1CB8-4239-BCF3-8AD989909468}.Debug|Any CPU.Build.0 = Debug|Any CPU
		{EDDEB329-1CB8-4239-BCF3-8AD989909468}.Release|Any CPU.ActiveCfg = Release|Any CPU
		{EDDEB329-1CB8-4239-BCF3-8AD989909468}.Release|Any CPU.Build.0 = Release|Any CPU
	EndGlobalSection
	GlobalSection(SolutionProperties) = preSolution
		HideSolutionNode = FALSE
	EndGlobalSection
	GlobalSection(ExtensibilityGlobals) = postSolution
		SolutionGuid = {554673E8-6CFA-4FB5-9477-409B068B2658}
	EndGlobalSection
EndGlobal
