
Microsoft Visual Studio Solution File, Format Version 12.00
# Visual Studio Version 16
VisualStudioVersion = 16.0.31624.102
MinimumVisualStudioVersion = 10.0.40219.1
Project("{FAE04EC0-301F-11D3-BF4B-00C04F79EFBC}") = "ejercicio 6.4.5", "ejercicio 6.4.5.csproj", "{87F61839-D10D-4693-86CE-F911451E9C42}"
EndProject
Global
	GlobalSection(SolutionConfigurationPlatforms) = preSolution
		Debug|Any CPU = Debug|Any CPU
		Release|Any CPU = Release|Any CPU
	EndGlobalSection
	GlobalSection(ProjectConfigurationPlatforms) = postSolution
		{87F61839-D10D-4693-86CE-F911451E9C42}.Debug|Any CPU.ActiveCfg = Debug|Any CPU
		{87F61839-D10D-4693-86CE-F911451E9C42}.Debug|Any CPU.Build.0 = Debug|Any CPU
		{87F61839-D10D-4693-86CE-F911451E9C42}.Release|Any CPU.ActiveCfg = Release|Any CPU
		{87F61839-D10D-4693-86CE-F911451E9C42}.Release|Any CPU.Build.0 = Release|Any CPU
	EndGlobalSection
	GlobalSection(SolutionProperties) = preSolution
		HideSolutionNode = FALSE
	EndGlobalSection
	GlobalSection(ExtensibilityGlobals) = postSolution
		SolutionGuid = {1161463F-5FB1-4085-8A49-3745BBEE85B1}
	EndGlobalSection
EndGlobal
