
Microsoft Visual Studio Solution File, Format Version 12.00
# Visual Studio Version 16
VisualStudioVersion = 16.0.30611.23
MinimumVisualStudioVersion = 10.0.40219.1
Project("{FAE04EC0-301F-11D3-BF4B-00C04F79EFBC}") = "ejercicio_6_4_5", "ejercicio_6_4_5.csproj", "{B0F849BB-0117-4409-AD74-1357723D7C94}"
EndProject
Global
	GlobalSection(SolutionConfigurationPlatforms) = preSolution
		Debug|Any CPU = Debug|Any CPU
		Release|Any CPU = Release|Any CPU
	EndGlobalSection
	GlobalSection(ProjectConfigurationPlatforms) = postSolution
		{B0F849BB-0117-4409-AD74-1357723D7C94}.Debug|Any CPU.ActiveCfg = Debug|Any CPU
		{B0F849BB-0117-4409-AD74-1357723D7C94}.Debug|Any CPU.Build.0 = Debug|Any CPU
		{B0F849BB-0117-4409-AD74-1357723D7C94}.Release|Any CPU.ActiveCfg = Release|Any CPU
		{B0F849BB-0117-4409-AD74-1357723D7C94}.Release|Any CPU.Build.0 = Release|Any CPU
	EndGlobalSection
	GlobalSection(SolutionProperties) = preSolution
		HideSolutionNode = FALSE
	EndGlobalSection
	GlobalSection(ExtensibilityGlobals) = postSolution
		SolutionGuid = {29ACDB11-4DAE-4F91-A8B2-5FCC776A1086}
	EndGlobalSection
EndGlobal
