
Microsoft Visual Studio Solution File, Format Version 12.00
# Visual Studio Version 16
VisualStudioVersion = 16.0.31624.102
MinimumVisualStudioVersion = 10.0.40219.1
Project("{FAE04EC0-301F-11D3-BF4B-00C04F79EFBC}") = "pruebaPDF", "pruebaPDF.csproj", "{2D2AA39E-7AB8-4336-ACB7-56EC80E45055}"
EndProject
Global
	GlobalSection(SolutionConfigurationPlatforms) = preSolution
		Debug|Any CPU = Debug|Any CPU
		Release|Any CPU = Release|Any CPU
	EndGlobalSection
	GlobalSection(ProjectConfigurationPlatforms) = postSolution
		{2D2AA39E-7AB8-4336-ACB7-56EC80E45055}.Debug|Any CPU.ActiveCfg = Debug|Any CPU
		{2D2AA39E-7AB8-4336-ACB7-56EC80E45055}.Debug|Any CPU.Build.0 = Debug|Any CPU
		{2D2AA39E-7AB8-4336-ACB7-56EC80E45055}.Release|Any CPU.ActiveCfg = Release|Any CPU
		{2D2AA39E-7AB8-4336-ACB7-56EC80E45055}.Release|Any CPU.Build.0 = Release|Any CPU
	EndGlobalSection
	GlobalSection(SolutionProperties) = preSolution
		HideSolutionNode = FALSE
	EndGlobalSection
	GlobalSection(ExtensibilityGlobals) = postSolution
		SolutionGuid = {2781F8E8-13A2-4C04-B701-5193E372C5C2}
	EndGlobalSection
EndGlobal
