
Microsoft Visual Studio Solution File, Format Version 12.00
# Visual Studio Version 16
VisualStudioVersion = 16.0.31624.102
MinimumVisualStudioVersion = 10.0.40219.1
Project("{FAE04EC0-301F-11D3-BF4B-00C04F79EFBC}") = "ejercicio 1.5.2.2", "ejercicio 1.5.2.2.csproj", "{1C4FEDBA-F52D-4E16-9AFD-F1E0D28F1FD9}"
EndProject
Global
	GlobalSection(SolutionConfigurationPlatforms) = preSolution
		Debug|Any CPU = Debug|Any CPU
		Release|Any CPU = Release|Any CPU
	EndGlobalSection
	GlobalSection(ProjectConfigurationPlatforms) = postSolution
		{1C4FEDBA-F52D-4E16-9AFD-F1E0D28F1FD9}.Debug|Any CPU.ActiveCfg = Debug|Any CPU
		{1C4FEDBA-F52D-4E16-9AFD-F1E0D28F1FD9}.Debug|Any CPU.Build.0 = Debug|Any CPU
		{1C4FEDBA-F52D-4E16-9AFD-F1E0D28F1FD9}.Release|Any CPU.ActiveCfg = Release|Any CPU
		{1C4FEDBA-F52D-4E16-9AFD-F1E0D28F1FD9}.Release|Any CPU.Build.0 = Release|Any CPU
	EndGlobalSection
	GlobalSection(SolutionProperties) = preSolution
		HideSolutionNode = FALSE
	EndGlobalSection
	GlobalSection(ExtensibilityGlobals) = postSolution
		SolutionGuid = {636B0FD6-5C0E-452D-AD7C-38C2C5D89193}
	EndGlobalSection
EndGlobal
