
Microsoft Visual Studio Solution File, Format Version 12.00
# Visual Studio Version 16
VisualStudioVersion = 16.0.30907.101
MinimumVisualStudioVersion = 10.0.40219.1
Project("{FAE04EC0-301F-11D3-BF4B-00C04F79EFBC}") = "ejercicio 8.9.2", "ejercicio 8.9.2.csproj", "{9AB0B6A0-5805-4D1B-94E9-394FD6116B38}"
EndProject
Global
	GlobalSection(SolutionConfigurationPlatforms) = preSolution
		Debug|Any CPU = Debug|Any CPU
		Release|Any CPU = Release|Any CPU
	EndGlobalSection
	GlobalSection(ProjectConfigurationPlatforms) = postSolution
		{9AB0B6A0-5805-4D1B-94E9-394FD6116B38}.Debug|Any CPU.ActiveCfg = Debug|Any CPU
		{9AB0B6A0-5805-4D1B-94E9-394FD6116B38}.Debug|Any CPU.Build.0 = Debug|Any CPU
		{9AB0B6A0-5805-4D1B-94E9-394FD6116B38}.Release|Any CPU.ActiveCfg = Release|Any CPU
		{9AB0B6A0-5805-4D1B-94E9-394FD6116B38}.Release|Any CPU.Build.0 = Release|Any CPU
	EndGlobalSection
	GlobalSection(SolutionProperties) = preSolution
		HideSolutionNode = FALSE
	EndGlobalSection
	GlobalSection(ExtensibilityGlobals) = postSolution
		SolutionGuid = {E4DA6D3B-B285-494F-89DB-0C78D39A19C1}
	EndGlobalSection
EndGlobal
