
Microsoft Visual Studio Solution File, Format Version 12.00
# Visual Studio Version 16
VisualStudioVersion = 16.0.31624.102
MinimumVisualStudioVersion = 10.0.40219.1
Project("{FAE04EC0-301F-11D3-BF4B-00C04F79EFBC}") = "ejercicio 2.1.5.10", "ejercicio 2.1.5.10.csproj", "{8842B15E-36DA-4063-9C9A-B3040ED3EFAE}"
EndProject
Global
	GlobalSection(SolutionConfigurationPlatforms) = preSolution
		Debug|Any CPU = Debug|Any CPU
		Release|Any CPU = Release|Any CPU
	EndGlobalSection
	GlobalSection(ProjectConfigurationPlatforms) = postSolution
		{8842B15E-36DA-4063-9C9A-B3040ED3EFAE}.Debug|Any CPU.ActiveCfg = Debug|Any CPU
		{8842B15E-36DA-4063-9C9A-B3040ED3EFAE}.Debug|Any CPU.Build.0 = Debug|Any CPU
		{8842B15E-36DA-4063-9C9A-B3040ED3EFAE}.Release|Any CPU.ActiveCfg = Release|Any CPU
		{8842B15E-36DA-4063-9C9A-B3040ED3EFAE}.Release|Any CPU.Build.0 = Release|Any CPU
	EndGlobalSection
	GlobalSection(SolutionProperties) = preSolution
		HideSolutionNode = FALSE
	EndGlobalSection
	GlobalSection(ExtensibilityGlobals) = postSolution
		SolutionGuid = {99674451-C1ED-47AE-8FF0-9356307DE472}
	EndGlobalSection
EndGlobal
