
Microsoft Visual Studio Solution File, Format Version 12.00
# Visual Studio Version 16
VisualStudioVersion = 16.0.31624.102
MinimumVisualStudioVersion = 10.0.40219.1
Project("{FAE04EC0-301F-11D3-BF4B-00C04F79EFBC}") = "Prueba POO", "Prueba POO.csproj", "{7ADE5E05-BD58-4353-81BA-3EDC7B40B05A}"
EndProject
Global
	GlobalSection(SolutionConfigurationPlatforms) = preSolution
		Debug|Any CPU = Debug|Any CPU
		Release|Any CPU = Release|Any CPU
	EndGlobalSection
	GlobalSection(ProjectConfigurationPlatforms) = postSolution
		{7ADE5E05-BD58-4353-81BA-3EDC7B40B05A}.Debug|Any CPU.ActiveCfg = Debug|Any CPU
		{7ADE5E05-BD58-4353-81BA-3EDC7B40B05A}.Debug|Any CPU.Build.0 = Debug|Any CPU
		{7ADE5E05-BD58-4353-81BA-3EDC7B40B05A}.Release|Any CPU.ActiveCfg = Release|Any CPU
		{7ADE5E05-BD58-4353-81BA-3EDC7B40B05A}.Release|Any CPU.Build.0 = Release|Any CPU
	EndGlobalSection
	GlobalSection(SolutionProperties) = preSolution
		HideSolutionNode = FALSE
	EndGlobalSection
	GlobalSection(ExtensibilityGlobals) = postSolution
		SolutionGuid = {C9300F48-0148-487D-9CC7-97ED98316E64}
	EndGlobalSection
EndGlobal
