
Microsoft Visual Studio Solution File, Format Version 12.00
# Visual Studio Version 16
VisualStudioVersion = 16.0.31624.102
MinimumVisualStudioVersion = 10.0.40219.1
Project("{FAE04EC0-301F-11D3-BF4B-00C04F79EFBC}") = "Prueba Wpf y objetos", "Prueba Wpf y objetos.csproj", "{EE06B951-1172-4BB3-B73B-6105871B789D}"
EndProject
Global
	GlobalSection(SolutionConfigurationPlatforms) = preSolution
		Debug|Any CPU = Debug|Any CPU
		Release|Any CPU = Release|Any CPU
	EndGlobalSection
	GlobalSection(ProjectConfigurationPlatforms) = postSolution
		{EE06B951-1172-4BB3-B73B-6105871B789D}.Debug|Any CPU.ActiveCfg = Debug|Any CPU
		{EE06B951-1172-4BB3-B73B-6105871B789D}.Debug|Any CPU.Build.0 = Debug|Any CPU
		{EE06B951-1172-4BB3-B73B-6105871B789D}.Release|Any CPU.ActiveCfg = Release|Any CPU
		{EE06B951-1172-4BB3-B73B-6105871B789D}.Release|Any CPU.Build.0 = Release|Any CPU
	EndGlobalSection
	GlobalSection(SolutionProperties) = preSolution
		HideSolutionNode = FALSE
	EndGlobalSection
	GlobalSection(ExtensibilityGlobals) = postSolution
		SolutionGuid = {9FADC82B-965F-4919-8053-23333685D28E}
	EndGlobalSection
EndGlobal
