
Microsoft Visual Studio Solution File, Format Version 12.00
# Visual Studio Version 16
VisualStudioVersion = 16.0.31624.102
MinimumVisualStudioVersion = 10.0.40219.1
Project("{FAE04EC0-301F-11D3-BF4B-00C04F79EFBC}") = "ejercicio 3.2.3.1", "ejercicio 3.2.3.1.csproj", "{74BC8A9C-0857-4CDB-8D7B-F1AC7FE3DF5C}"
EndProject
Global
	GlobalSection(SolutionConfigurationPlatforms) = preSolution
		Debug|Any CPU = Debug|Any CPU
		Release|Any CPU = Release|Any CPU
	EndGlobalSection
	GlobalSection(ProjectConfigurationPlatforms) = postSolution
		{74BC8A9C-0857-4CDB-8D7B-F1AC7FE3DF5C}.Debug|Any CPU.ActiveCfg = Debug|Any CPU
		{74BC8A9C-0857-4CDB-8D7B-F1AC7FE3DF5C}.Debug|Any CPU.Build.0 = Debug|Any CPU
		{74BC8A9C-0857-4CDB-8D7B-F1AC7FE3DF5C}.Release|Any CPU.ActiveCfg = Release|Any CPU
		{74BC8A9C-0857-4CDB-8D7B-F1AC7FE3DF5C}.Release|Any CPU.Build.0 = Release|Any CPU
	EndGlobalSection
	GlobalSection(SolutionProperties) = preSolution
		HideSolutionNode = FALSE
	EndGlobalSection
	GlobalSection(ExtensibilityGlobals) = postSolution
		SolutionGuid = {9D3940E0-54D2-4D77-A71A-A727202A4E37}
	EndGlobalSection
EndGlobal
