
Microsoft Visual Studio Solution File, Format Version 12.00
# Visual Studio Version 16
VisualStudioVersion = 16.0.31624.102
MinimumVisualStudioVersion = 10.0.40219.1
Project("{FAE04EC0-301F-11D3-BF4B-00C04F79EFBC}") = "ejercicio 2.2.9.1", "ejercicio 2.2.9.1.csproj", "{A45C7DCC-3B57-4BF2-984F-AA135FCF9651}"
EndProject
Global
	GlobalSection(SolutionConfigurationPlatforms) = preSolution
		Debug|Any CPU = Debug|Any CPU
		Release|Any CPU = Release|Any CPU
	EndGlobalSection
	GlobalSection(ProjectConfigurationPlatforms) = postSolution
		{A45C7DCC-3B57-4BF2-984F-AA135FCF9651}.Debug|Any CPU.ActiveCfg = Debug|Any CPU
		{A45C7DCC-3B57-4BF2-984F-AA135FCF9651}.Debug|Any CPU.Build.0 = Debug|Any CPU
		{A45C7DCC-3B57-4BF2-984F-AA135FCF9651}.Release|Any CPU.ActiveCfg = Release|Any CPU
		{A45C7DCC-3B57-4BF2-984F-AA135FCF9651}.Release|Any CPU.Build.0 = Release|Any CPU
	EndGlobalSection
	GlobalSection(SolutionProperties) = preSolution
		HideSolutionNode = FALSE
	EndGlobalSection
	GlobalSection(ExtensibilityGlobals) = postSolution
		SolutionGuid = {2CC76749-C862-41EB-B80F-B9C89F80929C}
	EndGlobalSection
EndGlobal
