
Microsoft Visual Studio Solution File, Format Version 12.00
# Visual Studio Version 16
VisualStudioVersion = 16.0.31624.102
MinimumVisualStudioVersion = 10.0.40219.1
Project("{FAE04EC0-301F-11D3-BF4B-00C04F79EFBC}") = "ejercicio 2.1.5.2", "ejercicio 2.1.5.2.csproj", "{8BC17843-765A-41E4-B110-D489F6797D00}"
EndProject
Global
	GlobalSection(SolutionConfigurationPlatforms) = preSolution
		Debug|Any CPU = Debug|Any CPU
		Release|Any CPU = Release|Any CPU
	EndGlobalSection
	GlobalSection(ProjectConfigurationPlatforms) = postSolution
		{8BC17843-765A-41E4-B110-D489F6797D00}.Debug|Any CPU.ActiveCfg = Debug|Any CPU
		{8BC17843-765A-41E4-B110-D489F6797D00}.Debug|Any CPU.Build.0 = Debug|Any CPU
		{8BC17843-765A-41E4-B110-D489F6797D00}.Release|Any CPU.ActiveCfg = Release|Any CPU
		{8BC17843-765A-41E4-B110-D489F6797D00}.Release|Any CPU.Build.0 = Release|Any CPU
	EndGlobalSection
	GlobalSection(SolutionProperties) = preSolution
		HideSolutionNode = FALSE
	EndGlobalSection
	GlobalSection(ExtensibilityGlobals) = postSolution
		SolutionGuid = {92D90CA3-3E91-47E5-BF2F-A7FDECC48357}
	EndGlobalSection
EndGlobal
