
Microsoft Visual Studio Solution File, Format Version 12.00
# Visual Studio Version 16
VisualStudioVersion = 16.0.31624.102
MinimumVisualStudioVersion = 10.0.40219.1
Project("{FAE04EC0-301F-11D3-BF4B-00C04F79EFBC}") = "ejercicio 4.1.3.4", "ejercicio 4.1.3.4.csproj", "{30F3861A-55DD-47D1-9139-B1038CF85531}"
EndProject
Global
	GlobalSection(SolutionConfigurationPlatforms) = preSolution
		Debug|Any CPU = Debug|Any CPU
		Release|Any CPU = Release|Any CPU
	EndGlobalSection
	GlobalSection(ProjectConfigurationPlatforms) = postSolution
		{30F3861A-55DD-47D1-9139-B1038CF85531}.Debug|Any CPU.ActiveCfg = Debug|Any CPU
		{30F3861A-55DD-47D1-9139-B1038CF85531}.Debug|Any CPU.Build.0 = Debug|Any CPU
		{30F3861A-55DD-47D1-9139-B1038CF85531}.Release|Any CPU.ActiveCfg = Release|Any CPU
		{30F3861A-55DD-47D1-9139-B1038CF85531}.Release|Any CPU.Build.0 = Release|Any CPU
	EndGlobalSection
	GlobalSection(SolutionProperties) = preSolution
		HideSolutionNode = FALSE
	EndGlobalSection
	GlobalSection(ExtensibilityGlobals) = postSolution
		SolutionGuid = {A20A77FC-35C6-400E-BD00-437F82C23D65}
	EndGlobalSection
EndGlobal
