
Microsoft Visual Studio Solution File, Format Version 12.00
# Visual Studio Version 16
VisualStudioVersion = 16.0.31624.102
MinimumVisualStudioVersion = 10.0.40219.1
Project("{FAE04EC0-301F-11D3-BF4B-00C04F79EFBC}") = "Practica adicional", "Practica adicional.csproj", "{6101E62E-BD9B-4792-8995-32578CFDEE55}"
EndProject
Global
	GlobalSection(SolutionConfigurationPlatforms) = preSolution
		Debug|Any CPU = Debug|Any CPU
		Release|Any CPU = Release|Any CPU
	EndGlobalSection
	GlobalSection(ProjectConfigurationPlatforms) = postSolution
		{6101E62E-BD9B-4792-8995-32578CFDEE55}.Debug|Any CPU.ActiveCfg = Debug|Any CPU
		{6101E62E-BD9B-4792-8995-32578CFDEE55}.Debug|Any CPU.Build.0 = Debug|Any CPU
		{6101E62E-BD9B-4792-8995-32578CFDEE55}.Release|Any CPU.ActiveCfg = Release|Any CPU
		{6101E62E-BD9B-4792-8995-32578CFDEE55}.Release|Any CPU.Build.0 = Release|Any CPU
	EndGlobalSection
	GlobalSection(SolutionProperties) = preSolution
		HideSolutionNode = FALSE
	EndGlobalSection
	GlobalSection(ExtensibilityGlobals) = postSolution
		SolutionGuid = {C063BAE8-194D-4605-B528-7E7D8814E51C}
	EndGlobalSection
EndGlobal
