
Microsoft Visual Studio Solution File, Format Version 12.00
# Visual Studio Version 16
VisualStudioVersion = 16.0.31624.102
MinimumVisualStudioVersion = 10.0.40219.1
Project("{FAE04EC0-301F-11D3-BF4B-00C04F79EFBC}") = "Ejercicio 1.5.1.1", "Ejercicio 1.5.1.1.csproj", "{99F3000B-3CA0-494A-9A8A-5AA983AF8D5F}"
EndProject
Global
	GlobalSection(SolutionConfigurationPlatforms) = preSolution
		Debug|Any CPU = Debug|Any CPU
		Release|Any CPU = Release|Any CPU
	EndGlobalSection
	GlobalSection(ProjectConfigurationPlatforms) = postSolution
		{99F3000B-3CA0-494A-9A8A-5AA983AF8D5F}.Debug|Any CPU.ActiveCfg = Debug|Any CPU
		{99F3000B-3CA0-494A-9A8A-5AA983AF8D5F}.Debug|Any CPU.Build.0 = Debug|Any CPU
		{99F3000B-3CA0-494A-9A8A-5AA983AF8D5F}.Release|Any CPU.ActiveCfg = Release|Any CPU
		{99F3000B-3CA0-494A-9A8A-5AA983AF8D5F}.Release|Any CPU.Build.0 = Release|Any CPU
	EndGlobalSection
	GlobalSection(SolutionProperties) = preSolution
		HideSolutionNode = FALSE
	EndGlobalSection
	GlobalSection(ExtensibilityGlobals) = postSolution
		SolutionGuid = {19FCCDEA-DBB0-416E-8ED9-E83050940053}
	EndGlobalSection
EndGlobal
