
Microsoft Visual Studio Solution File, Format Version 12.00
# Visual Studio Version 16
VisualStudioVersion = 16.0.30907.101
MinimumVisualStudioVersion = 10.0.40219.1
Project("{FAE04EC0-301F-11D3-BF4B-00C04F79EFBC}") = "ejercicio 8.9.3", "ejercicio 8.9.3.csproj", "{CDB58D66-35C8-45FC-9314-893ED1F09564}"
EndProject
Global
	GlobalSection(SolutionConfigurationPlatforms) = preSolution
		Debug|Any CPU = Debug|Any CPU
		Release|Any CPU = Release|Any CPU
	EndGlobalSection
	GlobalSection(ProjectConfigurationPlatforms) = postSolution
		{CDB58D66-35C8-45FC-9314-893ED1F09564}.Debug|Any CPU.ActiveCfg = Debug|Any CPU
		{CDB58D66-35C8-45FC-9314-893ED1F09564}.Debug|Any CPU.Build.0 = Debug|Any CPU
		{CDB58D66-35C8-45FC-9314-893ED1F09564}.Release|Any CPU.ActiveCfg = Release|Any CPU
		{CDB58D66-35C8-45FC-9314-893ED1F09564}.Release|Any CPU.Build.0 = Release|Any CPU
	EndGlobalSection
	GlobalSection(SolutionProperties) = preSolution
		HideSolutionNode = FALSE
	EndGlobalSection
	GlobalSection(ExtensibilityGlobals) = postSolution
		SolutionGuid = {2A4093A4-A5F5-4524-8475-6AB44BE50921}
	EndGlobalSection
EndGlobal
