
Microsoft Visual Studio Solution File, Format Version 12.00
# Visual Studio Version 16
VisualStudioVersion = 16.0.30611.23
MinimumVisualStudioVersion = 10.0.40219.1
Project("{FAE04EC0-301F-11D3-BF4B-00C04F79EFBC}") = "ejercicio_6_3_3", "ejercicio_6_3_3.csproj", "{3C4AECB0-912C-4A78-BF72-E215F55D2510}"
EndProject
Global
	GlobalSection(SolutionConfigurationPlatforms) = preSolution
		Debug|Any CPU = Debug|Any CPU
		Release|Any CPU = Release|Any CPU
	EndGlobalSection
	GlobalSection(ProjectConfigurationPlatforms) = postSolution
		{3C4AECB0-912C-4A78-BF72-E215F55D2510}.Debug|Any CPU.ActiveCfg = Debug|Any CPU
		{3C4AECB0-912C-4A78-BF72-E215F55D2510}.Debug|Any CPU.Build.0 = Debug|Any CPU
		{3C4AECB0-912C-4A78-BF72-E215F55D2510}.Release|Any CPU.ActiveCfg = Release|Any CPU
		{3C4AECB0-912C-4A78-BF72-E215F55D2510}.Release|Any CPU.Build.0 = Release|Any CPU
	EndGlobalSection
	GlobalSection(SolutionProperties) = preSolution
		HideSolutionNode = FALSE
	EndGlobalSection
	GlobalSection(ExtensibilityGlobals) = postSolution
		SolutionGuid = {A322C145-8EB9-4AF9-95A1-08E48926EE51}
	EndGlobalSection
EndGlobal
