
Microsoft Visual Studio Solution File, Format Version 12.00
# Visual Studio Version 16
VisualStudioVersion = 16.0.31624.102
MinimumVisualStudioVersion = 10.0.40219.1
Project("{FAE04EC0-301F-11D3-BF4B-00C04F79EFBC}") = "Funcionescalculadora", "Funcionescalculadora.csproj", "{BA9A3B2B-6EB0-4FA6-A140-139B25E6A494}"
EndProject
Global
	GlobalSection(SolutionConfigurationPlatforms) = preSolution
		Debug|Any CPU = Debug|Any CPU
		Release|Any CPU = Release|Any CPU
	EndGlobalSection
	GlobalSection(ProjectConfigurationPlatforms) = postSolution
		{BA9A3B2B-6EB0-4FA6-A140-139B25E6A494}.Debug|Any CPU.ActiveCfg = Debug|Any CPU
		{BA9A3B2B-6EB0-4FA6-A140-139B25E6A494}.Debug|Any CPU.Build.0 = Debug|Any CPU
		{BA9A3B2B-6EB0-4FA6-A140-139B25E6A494}.Release|Any CPU.ActiveCfg = Release|Any CPU
		{BA9A3B2B-6EB0-4FA6-A140-139B25E6A494}.Release|Any CPU.Build.0 = Release|Any CPU
	EndGlobalSection
	GlobalSection(SolutionProperties) = preSolution
		HideSolutionNode = FALSE
	EndGlobalSection
	GlobalSection(ExtensibilityGlobals) = postSolution
		SolutionGuid = {E82EE15F-C4AF-41C6-BF25-B9311D7F8926}
	EndGlobalSection
EndGlobal
