
Microsoft Visual Studio Solution File, Format Version 12.00
# Visual Studio Version 16
VisualStudioVersion = 16.0.30611.23
MinimumVisualStudioVersion = 10.0.40219.1
Project("{FAE04EC0-301F-11D3-BF4B-00C04F79EFBC}") = "ejercicio_6_4_2", "ejercicio_6_4_2.csproj", "{5BEC7EFA-0C21-4B25-8FFE-5A61B3509A04}"
EndProject
Global
	GlobalSection(SolutionConfigurationPlatforms) = preSolution
		Debug|Any CPU = Debug|Any CPU
		Release|Any CPU = Release|Any CPU
	EndGlobalSection
	GlobalSection(ProjectConfigurationPlatforms) = postSolution
		{5BEC7EFA-0C21-4B25-8FFE-5A61B3509A04}.Debug|Any CPU.ActiveCfg = Debug|Any CPU
		{5BEC7EFA-0C21-4B25-8FFE-5A61B3509A04}.Debug|Any CPU.Build.0 = Debug|Any CPU
		{5BEC7EFA-0C21-4B25-8FFE-5A61B3509A04}.Release|Any CPU.ActiveCfg = Release|Any CPU
		{5BEC7EFA-0C21-4B25-8FFE-5A61B3509A04}.Release|Any CPU.Build.0 = Release|Any CPU
	EndGlobalSection
	GlobalSection(SolutionProperties) = preSolution
		HideSolutionNode = FALSE
	EndGlobalSection
	GlobalSection(ExtensibilityGlobals) = postSolution
		SolutionGuid = {1A7A1767-2FA8-4FC0-84CE-9F6A78DF182A}
	EndGlobalSection
EndGlobal
