
Microsoft Visual Studio Solution File, Format Version 12.00
# Visual Studio Version 16
VisualStudioVersion = 16.0.31624.102
MinimumVisualStudioVersion = 10.0.40219.1
Project("{FAE04EC0-301F-11D3-BF4B-00C04F79EFBC}") = "ejercicio 1.7.4", "ejercicio 1.7.4.csproj", "{13ACA852-BD68-43C1-A6AE-8B2DFDA419A4}"
EndProject
Global
	GlobalSection(SolutionConfigurationPlatforms) = preSolution
		Debug|Any CPU = Debug|Any CPU
		Release|Any CPU = Release|Any CPU
	EndGlobalSection
	GlobalSection(ProjectConfigurationPlatforms) = postSolution
		{13ACA852-BD68-43C1-A6AE-8B2DFDA419A4}.Debug|Any CPU.ActiveCfg = Debug|Any CPU
		{13ACA852-BD68-43C1-A6AE-8B2DFDA419A4}.Debug|Any CPU.Build.0 = Debug|Any CPU
		{13ACA852-BD68-43C1-A6AE-8B2DFDA419A4}.Release|Any CPU.ActiveCfg = Release|Any CPU
		{13ACA852-BD68-43C1-A6AE-8B2DFDA419A4}.Release|Any CPU.Build.0 = Release|Any CPU
	EndGlobalSection
	GlobalSection(SolutionProperties) = preSolution
		HideSolutionNode = FALSE
	EndGlobalSection
	GlobalSection(ExtensibilityGlobals) = postSolution
		SolutionGuid = {8B934107-8720-49C9-A852-4F2D1197067A}
	EndGlobalSection
EndGlobal
