
Microsoft Visual Studio Solution File, Format Version 12.00
# Visual Studio Version 16
VisualStudioVersion = 16.0.31624.102
MinimumVisualStudioVersion = 10.0.40219.1
Project("{FAE04EC0-301F-11D3-BF4B-00C04F79EFBC}") = "ejercicio 3.1.2.3", "ejercicio 3.1.2.3.csproj", "{26CB2351-F2D3-4AA1-BC41-51DF67E32596}"
EndProject
Global
	GlobalSection(SolutionConfigurationPlatforms) = preSolution
		Debug|Any CPU = Debug|Any CPU
		Release|Any CPU = Release|Any CPU
	EndGlobalSection
	GlobalSection(ProjectConfigurationPlatforms) = postSolution
		{26CB2351-F2D3-4AA1-BC41-51DF67E32596}.Debug|Any CPU.ActiveCfg = Debug|Any CPU
		{26CB2351-F2D3-4AA1-BC41-51DF67E32596}.Debug|Any CPU.Build.0 = Debug|Any CPU
		{26CB2351-F2D3-4AA1-BC41-51DF67E32596}.Release|Any CPU.ActiveCfg = Release|Any CPU
		{26CB2351-F2D3-4AA1-BC41-51DF67E32596}.Release|Any CPU.Build.0 = Release|Any CPU
	EndGlobalSection
	GlobalSection(SolutionProperties) = preSolution
		HideSolutionNode = FALSE
	EndGlobalSection
	GlobalSection(ExtensibilityGlobals) = postSolution
		SolutionGuid = {389912A0-BDC6-4A68-8F19-46D23747BCC6}
	EndGlobalSection
EndGlobal
