
Microsoft Visual Studio Solution File, Format Version 12.00
# Visual Studio Version 16
VisualStudioVersion = 16.0.31624.102
MinimumVisualStudioVersion = 10.0.40219.1
Project("{FAE04EC0-301F-11D3-BF4B-00C04F79EFBC}") = "ejercicio 3.2.5.1", "ejercicio 3.2.5.1.csproj", "{1BB84658-9144-4290-B16A-86B5AF916672}"
EndProject
Global
	GlobalSection(SolutionConfigurationPlatforms) = preSolution
		Debug|Any CPU = Debug|Any CPU
		Release|Any CPU = Release|Any CPU
	EndGlobalSection
	GlobalSection(ProjectConfigurationPlatforms) = postSolution
		{1BB84658-9144-4290-B16A-86B5AF916672}.Debug|Any CPU.ActiveCfg = Debug|Any CPU
		{1BB84658-9144-4290-B16A-86B5AF916672}.Debug|Any CPU.Build.0 = Debug|Any CPU
		{1BB84658-9144-4290-B16A-86B5AF916672}.Release|Any CPU.ActiveCfg = Release|Any CPU
		{1BB84658-9144-4290-B16A-86B5AF916672}.Release|Any CPU.Build.0 = Release|Any CPU
	EndGlobalSection
	GlobalSection(SolutionProperties) = preSolution
		HideSolutionNode = FALSE
	EndGlobalSection
	GlobalSection(ExtensibilityGlobals) = postSolution
		SolutionGuid = {24B7A629-4BD1-4EEF-8F30-C3C2C8D04037}
	EndGlobalSection
EndGlobal
