
Microsoft Visual Studio Solution File, Format Version 12.00
# Visual Studio Version 16
VisualStudioVersion = 16.0.31624.102
MinimumVisualStudioVersion = 10.0.40219.1
Project("{FAE04EC0-301F-11D3-BF4B-00C04F79EFBC}") = "ejercicio 5.4.4", "ejercicio 5.4.4.csproj", "{6DCCC7F8-E306-4F8E-A800-47C9D2773186}"
EndProject
Global
	GlobalSection(SolutionConfigurationPlatforms) = preSolution
		Debug|Any CPU = Debug|Any CPU
		Release|Any CPU = Release|Any CPU
	EndGlobalSection
	GlobalSection(ProjectConfigurationPlatforms) = postSolution
		{6DCCC7F8-E306-4F8E-A800-47C9D2773186}.Debug|Any CPU.ActiveCfg = Debug|Any CPU
		{6DCCC7F8-E306-4F8E-A800-47C9D2773186}.Debug|Any CPU.Build.0 = Debug|Any CPU
		{6DCCC7F8-E306-4F8E-A800-47C9D2773186}.Release|Any CPU.ActiveCfg = Release|Any CPU
		{6DCCC7F8-E306-4F8E-A800-47C9D2773186}.Release|Any CPU.Build.0 = Release|Any CPU
	EndGlobalSection
	GlobalSection(SolutionProperties) = preSolution
		HideSolutionNode = FALSE
	EndGlobalSection
	GlobalSection(ExtensibilityGlobals) = postSolution
		SolutionGuid = {1B282D36-B4BB-44B6-A5CE-F6858D9BFADA}
	EndGlobalSection
EndGlobal
