
Microsoft Visual Studio Solution File, Format Version 12.00
# Visual Studio Version 16
VisualStudioVersion = 16.0.31624.102
MinimumVisualStudioVersion = 10.0.40219.1
Project("{FAE04EC0-301F-11D3-BF4B-00C04F79EFBC}") = "ejercicio 5.7.2", "ejercicio 5.7.2.csproj", "{B4F5F9FE-146F-4F01-B40A-638458BF3C92}"
EndProject
Global
	GlobalSection(SolutionConfigurationPlatforms) = preSolution
		Debug|Any CPU = Debug|Any CPU
		Release|Any CPU = Release|Any CPU
	EndGlobalSection
	GlobalSection(ProjectConfigurationPlatforms) = postSolution
		{B4F5F9FE-146F-4F01-B40A-638458BF3C92}.Debug|Any CPU.ActiveCfg = Debug|Any CPU
		{B4F5F9FE-146F-4F01-B40A-638458BF3C92}.Debug|Any CPU.Build.0 = Debug|Any CPU
		{B4F5F9FE-146F-4F01-B40A-638458BF3C92}.Release|Any CPU.ActiveCfg = Release|Any CPU
		{B4F5F9FE-146F-4F01-B40A-638458BF3C92}.Release|Any CPU.Build.0 = Release|Any CPU
	EndGlobalSection
	GlobalSection(SolutionProperties) = preSolution
		HideSolutionNode = FALSE
	EndGlobalSection
	GlobalSection(ExtensibilityGlobals) = postSolution
		SolutionGuid = {84D8538C-9FA9-4C1B-A26A-BD126E27333A}
	EndGlobalSection
EndGlobal
