
Microsoft Visual Studio Solution File, Format Version 12.00
# Visual Studio Version 16
VisualStudioVersion = 16.0.31624.102
MinimumVisualStudioVersion = 10.0.40219.1
Project("{FAE04EC0-301F-11D3-BF4B-00C04F79EFBC}") = "ejercicio 4.1.2.1", "ejercicio 4.1.2.1.csproj", "{E524AC84-1103-4A30-A88F-E142D018F2B7}"
EndProject
Global
	GlobalSection(SolutionConfigurationPlatforms) = preSolution
		Debug|Any CPU = Debug|Any CPU
		Release|Any CPU = Release|Any CPU
	EndGlobalSection
	GlobalSection(ProjectConfigurationPlatforms) = postSolution
		{E524AC84-1103-4A30-A88F-E142D018F2B7}.Debug|Any CPU.ActiveCfg = Debug|Any CPU
		{E524AC84-1103-4A30-A88F-E142D018F2B7}.Debug|Any CPU.Build.0 = Debug|Any CPU
		{E524AC84-1103-4A30-A88F-E142D018F2B7}.Release|Any CPU.ActiveCfg = Release|Any CPU
		{E524AC84-1103-4A30-A88F-E142D018F2B7}.Release|Any CPU.Build.0 = Release|Any CPU
	EndGlobalSection
	GlobalSection(SolutionProperties) = preSolution
		HideSolutionNode = FALSE
	EndGlobalSection
	GlobalSection(ExtensibilityGlobals) = postSolution
		SolutionGuid = {F639D9D2-6528-4442-ACC1-BA37D1727686}
	EndGlobalSection
EndGlobal
