
Microsoft Visual Studio Solution File, Format Version 12.00
# Visual Studio Version 16
VisualStudioVersion = 16.0.31624.102
MinimumVisualStudioVersion = 10.0.40219.1
Project("{FAE04EC0-301F-11D3-BF4B-00C04F79EFBC}") = "ejercicio 6.7.2", "ejercicio 6.7.2.csproj", "{D21E3BF2-8783-47D9-AB76-6F0E48063D2B}"
EndProject
Global
	GlobalSection(SolutionConfigurationPlatforms) = preSolution
		Debug|Any CPU = Debug|Any CPU
		Release|Any CPU = Release|Any CPU
	EndGlobalSection
	GlobalSection(ProjectConfigurationPlatforms) = postSolution
		{D21E3BF2-8783-47D9-AB76-6F0E48063D2B}.Debug|Any CPU.ActiveCfg = Debug|Any CPU
		{D21E3BF2-8783-47D9-AB76-6F0E48063D2B}.Debug|Any CPU.Build.0 = Debug|Any CPU
		{D21E3BF2-8783-47D9-AB76-6F0E48063D2B}.Release|Any CPU.ActiveCfg = Release|Any CPU
		{D21E3BF2-8783-47D9-AB76-6F0E48063D2B}.Release|Any CPU.Build.0 = Release|Any CPU
	EndGlobalSection
	GlobalSection(SolutionProperties) = preSolution
		HideSolutionNode = FALSE
	EndGlobalSection
	GlobalSection(ExtensibilityGlobals) = postSolution
		SolutionGuid = {0BF88649-04E8-4AE5-86FC-BE30D056C4B4}
	EndGlobalSection
EndGlobal
