
Microsoft Visual Studio Solution File, Format Version 12.00
# Visual Studio Version 16
VisualStudioVersion = 16.0.31624.102
MinimumVisualStudioVersion = 10.0.40219.1
Project("{FAE04EC0-301F-11D3-BF4B-00C04F79EFBC}") = "ejercicio 5.3.2", "ejercicio 5.3.2.csproj", "{B066B939-C20E-40AF-8092-5DA3C8918322}"
EndProject
Global
	GlobalSection(SolutionConfigurationPlatforms) = preSolution
		Debug|Any CPU = Debug|Any CPU
		Release|Any CPU = Release|Any CPU
	EndGlobalSection
	GlobalSection(ProjectConfigurationPlatforms) = postSolution
		{B066B939-C20E-40AF-8092-5DA3C8918322}.Debug|Any CPU.ActiveCfg = Debug|Any CPU
		{B066B939-C20E-40AF-8092-5DA3C8918322}.Debug|Any CPU.Build.0 = Debug|Any CPU
		{B066B939-C20E-40AF-8092-5DA3C8918322}.Release|Any CPU.ActiveCfg = Release|Any CPU
		{B066B939-C20E-40AF-8092-5DA3C8918322}.Release|Any CPU.Build.0 = Release|Any CPU
	EndGlobalSection
	GlobalSection(SolutionProperties) = preSolution
		HideSolutionNode = FALSE
	EndGlobalSection
	GlobalSection(ExtensibilityGlobals) = postSolution
		SolutionGuid = {0E68F219-9E12-4FCA-90CC-3AE9B9E27D33}
	EndGlobalSection
EndGlobal
