
Microsoft Visual Studio Solution File, Format Version 12.00
# Visual Studio Version 16
VisualStudioVersion = 16.0.31624.102
MinimumVisualStudioVersion = 10.0.40219.1
Project("{FAE04EC0-301F-11D3-BF4B-00C04F79EFBC}") = "ejercicio 5.9.1.1", "ejercicio 5.9.1.1.csproj", "{EF4557BF-BD05-4162-A21A-02B5D8CC2CC0}"
EndProject
Global
	GlobalSection(SolutionConfigurationPlatforms) = preSolution
		Debug|Any CPU = Debug|Any CPU
		Release|Any CPU = Release|Any CPU
	EndGlobalSection
	GlobalSection(ProjectConfigurationPlatforms) = postSolution
		{EF4557BF-BD05-4162-A21A-02B5D8CC2CC0}.Debug|Any CPU.ActiveCfg = Debug|Any CPU
		{EF4557BF-BD05-4162-A21A-02B5D8CC2CC0}.Debug|Any CPU.Build.0 = Debug|Any CPU
		{EF4557BF-BD05-4162-A21A-02B5D8CC2CC0}.Release|Any CPU.ActiveCfg = Release|Any CPU
		{EF4557BF-BD05-4162-A21A-02B5D8CC2CC0}.Release|Any CPU.Build.0 = Release|Any CPU
	EndGlobalSection
	GlobalSection(SolutionProperties) = preSolution
		HideSolutionNode = FALSE
	EndGlobalSection
	GlobalSection(ExtensibilityGlobals) = postSolution
		SolutionGuid = {3AF90DBC-B794-435B-AB6E-A55C96BC3C2A}
	EndGlobalSection
EndGlobal
