
Microsoft Visual Studio Solution File, Format Version 12.00
# Visual Studio Version 16
VisualStudioVersion = 16.0.31624.102
MinimumVisualStudioVersion = 10.0.40219.1
Project("{FAE04EC0-301F-11D3-BF4B-00C04F79EFBC}") = "ejercicio 2.1.1.2", "ejercicio 2.1.1.2.csproj", "{A71F2EF1-ACC8-4231-ACC7-A271998245B7}"
EndProject
Global
	GlobalSection(SolutionConfigurationPlatforms) = preSolution
		Debug|Any CPU = Debug|Any CPU
		Release|Any CPU = Release|Any CPU
	EndGlobalSection
	GlobalSection(ProjectConfigurationPlatforms) = postSolution
		{A71F2EF1-ACC8-4231-ACC7-A271998245B7}.Debug|Any CPU.ActiveCfg = Debug|Any CPU
		{A71F2EF1-ACC8-4231-ACC7-A271998245B7}.Debug|Any CPU.Build.0 = Debug|Any CPU
		{A71F2EF1-ACC8-4231-ACC7-A271998245B7}.Release|Any CPU.ActiveCfg = Release|Any CPU
		{A71F2EF1-ACC8-4231-ACC7-A271998245B7}.Release|Any CPU.Build.0 = Release|Any CPU
	EndGlobalSection
	GlobalSection(SolutionProperties) = preSolution
		HideSolutionNode = FALSE
	EndGlobalSection
	GlobalSection(ExtensibilityGlobals) = postSolution
		SolutionGuid = {E5FA3EFE-F2FB-4325-8365-1AE83D49DCB9}
	EndGlobalSection
EndGlobal
