
Microsoft Visual Studio Solution File, Format Version 12.00
# Visual Studio Version 16
VisualStudioVersion = 16.0.31624.102
MinimumVisualStudioVersion = 10.0.40219.1
Project("{FAE04EC0-301F-11D3-BF4B-00C04F79EFBC}") = "ejercicio 2.2.11.2", "ejercicio 2.2.11.2.csproj", "{5B3C1E06-2925-4058-96FF-4A435240EA12}"
EndProject
Global
	GlobalSection(SolutionConfigurationPlatforms) = preSolution
		Debug|Any CPU = Debug|Any CPU
		Release|Any CPU = Release|Any CPU
	EndGlobalSection
	GlobalSection(ProjectConfigurationPlatforms) = postSolution
		{5B3C1E06-2925-4058-96FF-4A435240EA12}.Debug|Any CPU.ActiveCfg = Debug|Any CPU
		{5B3C1E06-2925-4058-96FF-4A435240EA12}.Debug|Any CPU.Build.0 = Debug|Any CPU
		{5B3C1E06-2925-4058-96FF-4A435240EA12}.Release|Any CPU.ActiveCfg = Release|Any CPU
		{5B3C1E06-2925-4058-96FF-4A435240EA12}.Release|Any CPU.Build.0 = Release|Any CPU
	EndGlobalSection
	GlobalSection(SolutionProperties) = preSolution
		HideSolutionNode = FALSE
	EndGlobalSection
	GlobalSection(ExtensibilityGlobals) = postSolution
		SolutionGuid = {D50FCB1E-5064-4BC1-A713-8B5D5218271C}
	EndGlobalSection
EndGlobal
