
Microsoft Visual Studio Solution File, Format Version 12.00
# Visual Studio Version 16
VisualStudioVersion = 16.0.31624.102
MinimumVisualStudioVersion = 10.0.40219.1
Project("{FAE04EC0-301F-11D3-BF4B-00C04F79EFBC}") = "ejercicio 2.6.3", "ejercicio 2.6.3.csproj", "{CAE2FCB9-E38D-4DEC-813F-65042BC998FE}"
EndProject
Global
	GlobalSection(SolutionConfigurationPlatforms) = preSolution
		Debug|Any CPU = Debug|Any CPU
		Release|Any CPU = Release|Any CPU
	EndGlobalSection
	GlobalSection(ProjectConfigurationPlatforms) = postSolution
		{CAE2FCB9-E38D-4DEC-813F-65042BC998FE}.Debug|Any CPU.ActiveCfg = Debug|Any CPU
		{CAE2FCB9-E38D-4DEC-813F-65042BC998FE}.Debug|Any CPU.Build.0 = Debug|Any CPU
		{CAE2FCB9-E38D-4DEC-813F-65042BC998FE}.Release|Any CPU.ActiveCfg = Release|Any CPU
		{CAE2FCB9-E38D-4DEC-813F-65042BC998FE}.Release|Any CPU.Build.0 = Release|Any CPU
	EndGlobalSection
	GlobalSection(SolutionProperties) = preSolution
		HideSolutionNode = FALSE
	EndGlobalSection
	GlobalSection(ExtensibilityGlobals) = postSolution
		SolutionGuid = {E7D7E474-03AB-479E-AB19-B72C47C23087}
	EndGlobalSection
EndGlobal
