
Microsoft Visual Studio Solution File, Format Version 12.00
# Visual Studio Version 16
VisualStudioVersion = 16.0.31624.102
MinimumVisualStudioVersion = 10.0.40219.1
Project("{FAE04EC0-301F-11D3-BF4B-00C04F79EFBC}") = "ejercicio 1.6.3.3", "ejercicio 1.6.3.3.csproj", "{6FE2D003-74F1-407D-B4B5-206C87D61C6E}"
EndProject
Global
	GlobalSection(SolutionConfigurationPlatforms) = preSolution
		Debug|Any CPU = Debug|Any CPU
		Release|Any CPU = Release|Any CPU
	EndGlobalSection
	GlobalSection(ProjectConfigurationPlatforms) = postSolution
		{6FE2D003-74F1-407D-B4B5-206C87D61C6E}.Debug|Any CPU.ActiveCfg = Debug|Any CPU
		{6FE2D003-74F1-407D-B4B5-206C87D61C6E}.Debug|Any CPU.Build.0 = Debug|Any CPU
		{6FE2D003-74F1-407D-B4B5-206C87D61C6E}.Release|Any CPU.ActiveCfg = Release|Any CPU
		{6FE2D003-74F1-407D-B4B5-206C87D61C6E}.Release|Any CPU.Build.0 = Release|Any CPU
	EndGlobalSection
	GlobalSection(SolutionProperties) = preSolution
		HideSolutionNode = FALSE
	EndGlobalSection
	GlobalSection(ExtensibilityGlobals) = postSolution
		SolutionGuid = {630570A9-DBB0-4666-A132-6434CDF50BC0}
	EndGlobalSection
EndGlobal
