
Microsoft Visual Studio Solution File, Format Version 12.00
# Visual Studio Version 16
VisualStudioVersion = 16.0.31624.102
MinimumVisualStudioVersion = 10.0.40219.1
Project("{FAE04EC0-301F-11D3-BF4B-00C04F79EFBC}") = "ejercicio 6.6.1", "ejercicio 6.6.1.csproj", "{BE2E1711-E0BE-40B9-9910-61BB946CE4E0}"
EndProject
Global
	GlobalSection(SolutionConfigurationPlatforms) = preSolution
		Debug|Any CPU = Debug|Any CPU
		Release|Any CPU = Release|Any CPU
	EndGlobalSection
	GlobalSection(ProjectConfigurationPlatforms) = postSolution
		{BE2E1711-E0BE-40B9-9910-61BB946CE4E0}.Debug|Any CPU.ActiveCfg = Debug|Any CPU
		{BE2E1711-E0BE-40B9-9910-61BB946CE4E0}.Debug|Any CPU.Build.0 = Debug|Any CPU
		{BE2E1711-E0BE-40B9-9910-61BB946CE4E0}.Release|Any CPU.ActiveCfg = Release|Any CPU
		{BE2E1711-E0BE-40B9-9910-61BB946CE4E0}.Release|Any CPU.Build.0 = Release|Any CPU
	EndGlobalSection
	GlobalSection(SolutionProperties) = preSolution
		HideSolutionNode = FALSE
	EndGlobalSection
	GlobalSection(ExtensibilityGlobals) = postSolution
		SolutionGuid = {2940AAD1-5BA8-4DAB-83E7-CFD163355F5F}
	EndGlobalSection
EndGlobal
