
Microsoft Visual Studio Solution File, Format Version 12.00
# Visual Studio Version 16
VisualStudioVersion = 16.0.31624.102
MinimumVisualStudioVersion = 10.0.40219.1
Project("{FAE04EC0-301F-11D3-BF4B-00C04F79EFBC}") = "ejercicio 4.4.7.1", "ejercicio 4.4.7.1.csproj", "{47F36A30-05B6-4A93-B295-B1D3171CC1DD}"
EndProject
Global
	GlobalSection(SolutionConfigurationPlatforms) = preSolution
		Debug|Any CPU = Debug|Any CPU
		Release|Any CPU = Release|Any CPU
	EndGlobalSection
	GlobalSection(ProjectConfigurationPlatforms) = postSolution
		{47F36A30-05B6-4A93-B295-B1D3171CC1DD}.Debug|Any CPU.ActiveCfg = Debug|Any CPU
		{47F36A30-05B6-4A93-B295-B1D3171CC1DD}.Debug|Any CPU.Build.0 = Debug|Any CPU
		{47F36A30-05B6-4A93-B295-B1D3171CC1DD}.Release|Any CPU.ActiveCfg = Release|Any CPU
		{47F36A30-05B6-4A93-B295-B1D3171CC1DD}.Release|Any CPU.Build.0 = Release|Any CPU
	EndGlobalSection
	GlobalSection(SolutionProperties) = preSolution
		HideSolutionNode = FALSE
	EndGlobalSection
	GlobalSection(ExtensibilityGlobals) = postSolution
		SolutionGuid = {CFF0EB62-FD63-4187-B4AA-60A633AD6D4D}
	EndGlobalSection
EndGlobal
