
Microsoft Visual Studio Solution File, Format Version 12.00
# Visual Studio Version 16
VisualStudioVersion = 16.0.31624.102
MinimumVisualStudioVersion = 10.0.40219.1
Project("{FAE04EC0-301F-11D3-BF4B-00C04F79EFBC}") = "ejercicio 2.2.12.2", "ejercicio 2.2.12.2.csproj", "{AF55EC20-92E5-4724-B736-A84307F63F5A}"
EndProject
Global
	GlobalSection(SolutionConfigurationPlatforms) = preSolution
		Debug|Any CPU = Debug|Any CPU
		Release|Any CPU = Release|Any CPU
	EndGlobalSection
	GlobalSection(ProjectConfigurationPlatforms) = postSolution
		{AF55EC20-92E5-4724-B736-A84307F63F5A}.Debug|Any CPU.ActiveCfg = Debug|Any CPU
		{AF55EC20-92E5-4724-B736-A84307F63F5A}.Debug|Any CPU.Build.0 = Debug|Any CPU
		{AF55EC20-92E5-4724-B736-A84307F63F5A}.Release|Any CPU.ActiveCfg = Release|Any CPU
		{AF55EC20-92E5-4724-B736-A84307F63F5A}.Release|Any CPU.Build.0 = Release|Any CPU
	EndGlobalSection
	GlobalSection(SolutionProperties) = preSolution
		HideSolutionNode = FALSE
	EndGlobalSection
	GlobalSection(ExtensibilityGlobals) = postSolution
		SolutionGuid = {91A41495-9339-4EDB-9794-28C85E10F5AD}
	EndGlobalSection
EndGlobal
