
Microsoft Visual Studio Solution File, Format Version 12.00
# Visual Studio Version 16
VisualStudioVersion = 16.0.31624.102
MinimumVisualStudioVersion = 10.0.40219.1
Project("{FAE04EC0-301F-11D3-BF4B-00C04F79EFBC}") = "ejercicio 6.3.5", "ejercicio 6.3.5.csproj", "{70D98173-A905-4C1E-9762-3769FABB019D}"
EndProject
Global
	GlobalSection(SolutionConfigurationPlatforms) = preSolution
		Debug|Any CPU = Debug|Any CPU
		Release|Any CPU = Release|Any CPU
	EndGlobalSection
	GlobalSection(ProjectConfigurationPlatforms) = postSolution
		{70D98173-A905-4C1E-9762-3769FABB019D}.Debug|Any CPU.ActiveCfg = Debug|Any CPU
		{70D98173-A905-4C1E-9762-3769FABB019D}.Debug|Any CPU.Build.0 = Debug|Any CPU
		{70D98173-A905-4C1E-9762-3769FABB019D}.Release|Any CPU.ActiveCfg = Release|Any CPU
		{70D98173-A905-4C1E-9762-3769FABB019D}.Release|Any CPU.Build.0 = Release|Any CPU
	EndGlobalSection
	GlobalSection(SolutionProperties) = preSolution
		HideSolutionNode = FALSE
	EndGlobalSection
	GlobalSection(ExtensibilityGlobals) = postSolution
		SolutionGuid = {FA5562AD-C42F-4A83-919B-2E08BB94D6A3}
	EndGlobalSection
EndGlobal
